
Microsoft Visual Studio Solution File, Format Version 12.00
# Visual Studio 2012
Project("{8BC9CEB8-8B4A-11D0-8D11-00A0C91BC942}") = "GetSystemId", "..\..\src\general\GetSystemId\GetSystemId.vcxproj", "{A94FBA0F-B2AE-479E-B3B5-CCAAB80B5102}"
EndProject
Project("{2150E333-8FDC-42A3-9474-1A3956D46DE8}") = "CodeBase", "CodeBase", "{97CC3B28-75C9-4096-8E68-0A649F0A2C6E}"
EndProject
Project("{2150E333-8FDC-42A3-9474-1A3956D46DE8}") = "vx", "vx", "{7BD4EE4A-1349-4CF7-9EA4-98007AAE5409}"
EndProject
Project("{8BC9CEB8-8B4A-11D0-8D11-00A0C91BC942}") = "vxBase", "..\..\..\Codebase\src\vx\vxBase\vxBase.vcxproj", "{502DD1B0-F2F6-4380-8685-66A3836AFE67}"
EndProject
Project("{8BC9CEB8-8B4A-11D0-8D11-00A0C91BC942}") = "vxLogger", "..\..\..\Codebase\src\vx\vxLogger\vxLogger.vcxproj", "{819AF165-55C7-45FD-AB2F-87C5784A6F58}"
EndProject
Project("{8BC9CEB8-8B4A-11D0-8D11-00A0C91BC942}") = "GetOsVersion", "..\..\src\general\GetOsVersion\GetOsVersion.vcxproj", "{3E441EC3-73FD-4039-8776-FEB44D41ED66}"
EndProject
Project("{8BC9CEB8-8B4A-11D0-8D11-00A0C91BC942}") = "GenerateManifest", "..\..\src\general\GenerateManifest\GenerateManifest.vcxproj", "{500D1F89-1B50-4F54-A3A9-3AA9059328D2}"
EndProject
Project("{FAE04EC0-301F-11D3-BF4B-00C04F79EFBC}") = "AdministerHostsTable", "..\..\src\general\AdministerHostsTable\AdministerHostsTable.csproj", "{7DF2C5F5-5308-41B2-87F5-75189DBD4760}"
EndProject
Project("{FAE04EC0-301F-11D3-BF4B-00C04F79EFBC}") = "Viatronix.Utilities", "..\..\src\Viatronix.Utilities\Viatronix.Utilities.csproj", "{403F04B0-6C87-48B9-9918-699BA1B84692}"
EndProject
Project("{8BC9CEB8-8B4A-11D0-8D11-00A0C91BC942}") = "vxDicom", "..\..\..\Codebase\src\vx\vxDicom\vxDicom.vcxproj", "{E143BABC-CD22-4C3D-9F9E-F5F7442371E7}"
EndProject
Project("{2150E333-8FDC-42A3-9474-1A3956D46DE8}") = "ent", "ent", "{C713E539-2B23-416E-9773-9AEF045D3A8C}"
EndProject
Project("{8BC9CEB8-8B4A-11D0-8D11-00A0C91BC942}") = "Viatronix.Dicom", "..\..\..\Codebase\src\v3d\Viatronix.Dicom\Viatronix.Dicom.vcxproj", "{28B5550D-628E-4755-AFA6-32A9F04951F9}"
EndProject
Project("{8BC9CEB8-8B4A-11D0-8D11-00A0C91BC942}") = "Viatronix.Logging", "..\..\..\Codebase\src\v3d\Viatronix.Logging\Viatronix.Logging.vcxproj", "{EB450513-1B40-4E1F-9D8B-25266DC31EFB}"
EndProject
Project("{2150E333-8FDC-42A3-9474-1A3956D46DE8}") = "v3d", "v3d", "{9112583E-0B84-4DB0-A4EC-804291E5EFC7}"
EndProject
Project("{FAE04EC0-301F-11D3-BF4B-00C04F79EFBC}") = "Viatronix.Encryption", "..\..\..\Codebase\src\v3d\Viatronix.Encryption\Viatronix.Encryption.csproj", "{ED270924-47CB-4D77-88C3-3F89CADC3491}"
EndProject
Project("{8BC9CEB8-8B4A-11D0-8D11-00A0C91BC942}") = "Viatronix.Utilities.GenerateManifest.Base", "..\..\src\general\Viatronix.Utilities.GenerateManifest.Base\Viatronix.Utilities.GenerateManifest.Base.vcxproj", "{70170E32-9490-48DC-88C9-288EAADBDA4F}"
EndProject
Project("{FAE04EC0-301F-11D3-BF4B-00C04F79EFBC}") = "Encrypt", "..\..\src\general\Encrypt\Encrypt.csproj", "{0EBC8A8F-D5CD-4136-9B4E-659B496CF5EE}"
EndProject
Global
	GlobalSection(TeamFoundationVersionControl) = preSolution
		SccNumberOfProjects = 6
		SccEnterpriseProvider = {4CA58AB2-18FA-4F8D-95D4-32DDF27D184C}
		SccTeamFoundationServer = http://mars:8080/tfs/v3d%20system
		SccProjectUniqueName0 = ..\\..\\..\\Codebase\\src\\v3d\\Viatronix.Logging\\Viatronix.Logging.vcxproj
		SccProjectTopLevelParentUniqueName0 = GeneralUtilities.sln
		SccProjectName0 = $/V3D\u0020Enterprise\u0020System/src/v3d/Viatronix.Logging
		SccAuxPath0 = http://mars:8080/tfs/v3d%20system
		SccLocalPath0 = ..\\..\\..\\Codebase\\src\\v3d\\Viatronix.Logging
		SccProvider0 = {4CA58AB2-18FA-4F8D-95D4-32DDF27D184C}
		SccProjectUniqueName1 = ..\\..\\..\\Codebase\\src\\v3d\\Viatronix.Dicom\\Viatronix.Dicom.vcxproj
		SccProjectTopLevelParentUniqueName1 = GeneralUtilities.sln
		SccProjectName1 = $/V3D\u0020Enterprise\u0020System/src/v3d/Viatronix.Dicom
		SccAuxPath1 = http://mars:8080/tfs/v3d%20system
		SccLocalPath1 = ..\\..\\..\\Codebase\\src\\v3d\\Viatronix.Dicom
		SccProvider1 = {4CA58AB2-18FA-4F8D-95D4-32DDF27D184C}
		SccProjectUniqueName2 = ..\\..\\..\\Codebase\\src\\v3d\\Viatronix.Encryption\\Viatronix.Encryption.csproj
		SccProjectTopLevelParentUniqueName2 = GeneralUtilities.sln
		SccProjectName2 = $/V3D\u0020Enterprise\u0020System/src/v3d/Viatronix.Encryption
		SccAuxPath2 = http://mars:8080/tfs/v3d%20system
		SccLocalPath2 = ..\\..\\..\\Codebase\\src\\v3d\\Viatronix.Encryption
		SccProvider2 = {4CA58AB2-18FA-4F8D-95D4-32DDF27D184C}
		SccProjectUniqueName3 = ..\\..\\..\\Codebase\\src\\vx\\vxBase\\vxBase.vcxproj
		SccProjectTopLevelParentUniqueName3 = GeneralUtilities.sln
		SccProjectName3 = $/V3D\u0020Enterprise\u0020System/src/vx/vxBase
		SccAuxPath3 = http://mars:8080/tfs/v3d%20system
		SccLocalPath3 = ..\\..\\..\\Codebase\\src\\vx\\vxBase
		SccProvider3 = {4CA58AB2-18FA-4F8D-95D4-32DDF27D184C}
		SccProjectUniqueName4 = ..\\..\\..\\Codebase\\src\\vx\\vxLogger\\vxLogger.vcxproj
		SccProjectTopLevelParentUniqueName4 = GeneralUtilities.sln
		SccProjectName4 = $/V3D\u0020Enterprise\u0020System/src/vx/vxLogger
		SccAuxPath4 = http://mars:8080/tfs/v3d%20system
		SccLocalPath4 = ..\\..\\..\\Codebase\\src\\vx\\vxLogger
		SccProvider4 = {4CA58AB2-18FA-4F8D-95D4-32DDF27D184C}
		SccProjectUniqueName5 = ..\\..\\..\\Codebase\\src\\vx\\vxDicom\\vxDicom.vcxproj
		SccProjectTopLevelParentUniqueName5 = GeneralUtilities.sln
		SccProjectName5 = $/V3D\u0020Enterprise\u0020System/src/vx/vxDicom
		SccAuxPath5 = http://mars:8080/tfs/v3d%20system
		SccLocalPath5 = ..\\..\\..\\Codebase\\src\\vx\\vxDicom
		SccProvider5 = {4CA58AB2-18FA-4F8D-95D4-32DDF27D184C}
	EndGlobalSection
	GlobalSection(TestCaseManagementSettings) = postSolution
		CategoryFile = Utilities.vsmdi
	EndGlobalSection
	GlobalSection(SolutionConfigurationPlatforms) = preSolution
		Debug|Any CPU = Debug|Any CPU
		Debug|Win32 = Debug|Win32
		Debug|x64 = Debug|x64
		Debug|x86 = Debug|x86
		DebugETW|Any CPU = DebugETW|Any CPU
		DebugETW|Win32 = DebugETW|Win32
		DebugETW|x64 = DebugETW|x64
		DebugETW|x86 = DebugETW|x86
		Release|Any CPU = Release|Any CPU
		Release|Win32 = Release|Win32
		Release|x64 = Release|x64
		Release|x86 = Release|x86
		ReleaseETW|Any CPU = ReleaseETW|Any CPU
		ReleaseETW|Win32 = ReleaseETW|Win32
		ReleaseETW|x64 = ReleaseETW|x64
		ReleaseETW|x86 = ReleaseETW|x86
	EndGlobalSection
	GlobalSection(ProjectConfigurationPlatforms) = postSolution
		{A94FBA0F-B2AE-479E-B3B5-CCAAB80B5102}.Debug|Any CPU.ActiveCfg = Debug|x64
		{A94FBA0F-B2AE-479E-B3B5-CCAAB80B5102}.Debug|Win32.ActiveCfg = Debug|x64
		{A94FBA0F-B2AE-479E-B3B5-CCAAB80B5102}.Debug|x64.ActiveCfg = Debug|x64
		{A94FBA0F-B2AE-479E-B3B5-CCAAB80B5102}.Debug|x64.Build.0 = Debug|x64
		{A94FBA0F-B2AE-479E-B3B5-CCAAB80B5102}.Debug|x86.ActiveCfg = Debug|x64
		{A94FBA0F-B2AE-479E-B3B5-CCAAB80B5102}.DebugETW|Any CPU.ActiveCfg = Debug|x64
		{A94FBA0F-B2AE-479E-B3B5-CCAAB80B5102}.DebugETW|Win32.ActiveCfg = Debug|x64
		{A94FBA0F-B2AE-479E-B3B5-CCAAB80B5102}.DebugETW|x64.ActiveCfg = Debug|x64
		{A94FBA0F-B2AE-479E-B3B5-CCAAB80B5102}.DebugETW|x64.Build.0 = Debug|x64
		{A94FBA0F-B2AE-479E-B3B5-CCAAB80B5102}.DebugETW|x86.ActiveCfg = Debug|x64
		{A94FBA0F-B2AE-479E-B3B5-CCAAB80B5102}.Release|Any CPU.ActiveCfg = Release|x64
		{A94FBA0F-B2AE-479E-B3B5-CCAAB80B5102}.Release|Win32.ActiveCfg = Release|x64
		{A94FBA0F-B2AE-479E-B3B5-CCAAB80B5102}.Release|x64.ActiveCfg = Release|x64
		{A94FBA0F-B2AE-479E-B3B5-CCAAB80B5102}.Release|x64.Build.0 = Release|x64
		{A94FBA0F-B2AE-479E-B3B5-CCAAB80B5102}.Release|x86.ActiveCfg = Release|x64
		{A94FBA0F-B2AE-479E-B3B5-CCAAB80B5102}.ReleaseETW|Any CPU.ActiveCfg = Release|x64
		{A94FBA0F-B2AE-479E-B3B5-CCAAB80B5102}.ReleaseETW|Win32.ActiveCfg = Release|x64
		{A94FBA0F-B2AE-479E-B3B5-CCAAB80B5102}.ReleaseETW|x64.ActiveCfg = Release|x64
		{A94FBA0F-B2AE-479E-B3B5-CCAAB80B5102}.ReleaseETW|x64.Build.0 = Release|x64
		{A94FBA0F-B2AE-479E-B3B5-CCAAB80B5102}.ReleaseETW|x86.ActiveCfg = Release|x64
		{502DD1B0-F2F6-4380-8685-66A3836AFE67}.Debug|Any CPU.ActiveCfg = Debug|Win32
		{502DD1B0-F2F6-4380-8685-66A3836AFE67}.Debug|Win32.ActiveCfg = Debug|Win32
		{502DD1B0-F2F6-4380-8685-66A3836AFE67}.Debug|Win32.Build.0 = Debug|Win32
		{502DD1B0-F2F6-4380-8685-66A3836AFE67}.Debug|x64.ActiveCfg = Debug|x64
		{502DD1B0-F2F6-4380-8685-66A3836AFE67}.Debug|x64.Build.0 = Debug|x64
		{502DD1B0-F2F6-4380-8685-66A3836AFE67}.Debug|x86.ActiveCfg = Debug|x64
		{502DD1B0-F2F6-4380-8685-66A3836AFE67}.DebugETW|Any CPU.ActiveCfg = Debug|Win32
		{502DD1B0-F2F6-4380-8685-66A3836AFE67}.DebugETW|Win32.ActiveCfg = Debug|x64
		{502DD1B0-F2F6-4380-8685-66A3836AFE67}.DebugETW|x64.ActiveCfg = Debug|x64
		{502DD1B0-F2F6-4380-8685-66A3836AFE67}.DebugETW|x64.Build.0 = Debug|x64
		{502DD1B0-F2F6-4380-8685-66A3836AFE67}.DebugETW|x86.ActiveCfg = Debug|x64
		{502DD1B0-F2F6-4380-8685-66A3836AFE67}.Release|Any CPU.ActiveCfg = Release|Win32
		{502DD1B0-F2F6-4380-8685-66A3836AFE67}.Release|Win32.ActiveCfg = Release|Win32
		{502DD1B0-F2F6-4380-8685-66A3836AFE67}.Release|Win32.Build.0 = Release|Win32
		{502DD1B0-F2F6-4380-8685-66A3836AFE67}.Release|x64.ActiveCfg = Release|x64
		{502DD1B0-F2F6-4380-8685-66A3836AFE67}.Release|x64.Build.0 = Release|x64
		{502DD1B0-F2F6-4380-8685-66A3836AFE67}.Release|x86.ActiveCfg = Release|x64
		{502DD1B0-F2F6-4380-8685-66A3836AFE67}.ReleaseETW|Any CPU.ActiveCfg = Release|Win32
		{502DD1B0-F2F6-4380-8685-66A3836AFE67}.ReleaseETW|Win32.ActiveCfg = Release|x64
		{502DD1B0-F2F6-4380-8685-66A3836AFE67}.ReleaseETW|x64.ActiveCfg = Release|x64
		{502DD1B0-F2F6-4380-8685-66A3836AFE67}.ReleaseETW|x64.Build.0 = Release|x64
		{502DD1B0-F2F6-4380-8685-66A3836AFE67}.ReleaseETW|x86.ActiveCfg = Release|x64
		{819AF165-55C7-45FD-AB2F-87C5784A6F58}.Debug|Any CPU.ActiveCfg = Debug|Win32
		{819AF165-55C7-45FD-AB2F-87C5784A6F58}.Debug|Win32.ActiveCfg = Debug|Win32
		{819AF165-55C7-45FD-AB2F-87C5784A6F58}.Debug|Win32.Build.0 = Debug|Win32
		{819AF165-55C7-45FD-AB2F-87C5784A6F58}.Debug|x64.ActiveCfg = Debug|x64
		{819AF165-55C7-45FD-AB2F-87C5784A6F58}.Debug|x64.Build.0 = Debug|x64
		{819AF165-55C7-45FD-AB2F-87C5784A6F58}.Debug|x86.ActiveCfg = Debug|x64
		{819AF165-55C7-45FD-AB2F-87C5784A6F58}.DebugETW|Any CPU.ActiveCfg = Debug|Win32
		{819AF165-55C7-45FD-AB2F-87C5784A6F58}.DebugETW|Win32.ActiveCfg = Debug|Win32
		{819AF165-55C7-45FD-AB2F-87C5784A6F58}.DebugETW|Win32.Build.0 = Debug|Win32
		{819AF165-55C7-45FD-AB2F-87C5784A6F58}.DebugETW|x64.ActiveCfg = Debug|x64
		{819AF165-55C7-45FD-AB2F-87C5784A6F58}.DebugETW|x64.Build.0 = Debug|x64
		{819AF165-55C7-45FD-AB2F-87C5784A6F58}.DebugETW|x86.ActiveCfg = Debug|Win32
		{819AF165-55C7-45FD-AB2F-87C5784A6F58}.DebugETW|x86.Build.0 = Debug|Win32
		{819AF165-55C7-45FD-AB2F-87C5784A6F58}.Release|Any CPU.ActiveCfg = Release|Win32
		{819AF165-55C7-45FD-AB2F-87C5784A6F58}.Release|Win32.ActiveCfg = Release|Win32
		{819AF165-55C7-45FD-AB2F-87C5784A6F58}.Release|Win32.Build.0 = Release|Win32
		{819AF165-55C7-45FD-AB2F-87C5784A6F58}.Release|x64.ActiveCfg = Release|x64
		{819AF165-55C7-45FD-AB2F-87C5784A6F58}.Release|x64.Build.0 = Release|x64
		{819AF165-55C7-45FD-AB2F-87C5784A6F58}.Release|x86.ActiveCfg = Release|x64
		{819AF165-55C7-45FD-AB2F-87C5784A6F58}.ReleaseETW|Any CPU.ActiveCfg = Release|Win32
		{819AF165-55C7-45FD-AB2F-87C5784A6F58}.ReleaseETW|Win32.ActiveCfg = Release|Win32
		{819AF165-55C7-45FD-AB2F-87C5784A6F58}.ReleaseETW|Win32.Build.0 = Release|Win32
		{819AF165-55C7-45FD-AB2F-87C5784A6F58}.ReleaseETW|x64.ActiveCfg = Release|x64
		{819AF165-55C7-45FD-AB2F-87C5784A6F58}.ReleaseETW|x64.Build.0 = Release|x64
		{819AF165-55C7-45FD-AB2F-87C5784A6F58}.ReleaseETW|x86.ActiveCfg = Release|Win32
		{819AF165-55C7-45FD-AB2F-87C5784A6F58}.ReleaseETW|x86.Build.0 = Release|Win32
		{3E441EC3-73FD-4039-8776-FEB44D41ED66}.Debug|Any CPU.ActiveCfg = Debug|x64
		{3E441EC3-73FD-4039-8776-FEB44D41ED66}.Debug|Win32.ActiveCfg = Debug|x64
		{3E441EC3-73FD-4039-8776-FEB44D41ED66}.Debug|x64.ActiveCfg = Debug|x64
		{3E441EC3-73FD-4039-8776-FEB44D41ED66}.Debug|x64.Build.0 = Debug|x64
		{3E441EC3-73FD-4039-8776-FEB44D41ED66}.Debug|x86.ActiveCfg = Debug|x64
		{3E441EC3-73FD-4039-8776-FEB44D41ED66}.DebugETW|Any CPU.ActiveCfg = Debug|x64
		{3E441EC3-73FD-4039-8776-FEB44D41ED66}.DebugETW|Win32.ActiveCfg = Debug|x64
		{3E441EC3-73FD-4039-8776-FEB44D41ED66}.DebugETW|x64.ActiveCfg = Debug|x64
		{3E441EC3-73FD-4039-8776-FEB44D41ED66}.DebugETW|x64.Build.0 = Debug|x64
		{3E441EC3-73FD-4039-8776-FEB44D41ED66}.DebugETW|x86.ActiveCfg = Debug|x64
		{3E441EC3-73FD-4039-8776-FEB44D41ED66}.Release|Any CPU.ActiveCfg = Release|x64
		{3E441EC3-73FD-4039-8776-FEB44D41ED66}.Release|Win32.ActiveCfg = Release|x64
		{3E441EC3-73FD-4039-8776-FEB44D41ED66}.Release|x64.ActiveCfg = Release|x64
		{3E441EC3-73FD-4039-8776-FEB44D41ED66}.Release|x64.Build.0 = Release|x64
		{3E441EC3-73FD-4039-8776-FEB44D41ED66}.Release|x86.ActiveCfg = Release|x64
		{3E441EC3-73FD-4039-8776-FEB44D41ED66}.ReleaseETW|Any CPU.ActiveCfg = Release|x64
		{3E441EC3-73FD-4039-8776-FEB44D41ED66}.ReleaseETW|Win32.ActiveCfg = Release|x64
		{3E441EC3-73FD-4039-8776-FEB44D41ED66}.ReleaseETW|x64.ActiveCfg = Release|x64
		{3E441EC3-73FD-4039-8776-FEB44D41ED66}.ReleaseETW|x64.Build.0 = Release|x64
		{3E441EC3-73FD-4039-8776-FEB44D41ED66}.ReleaseETW|x86.ActiveCfg = Release|x64
		{500D1F89-1B50-4F54-A3A9-3AA9059328D2}.Debug|Any CPU.ActiveCfg = Debug|Win32
		{500D1F89-1B50-4F54-A3A9-3AA9059328D2}.Debug|Win32.ActiveCfg = Debug|Win32
		{500D1F89-1B50-4F54-A3A9-3AA9059328D2}.Debug|Win32.Build.0 = Debug|Win32
		{500D1F89-1B50-4F54-A3A9-3AA9059328D2}.Debug|x64.ActiveCfg = Debug|x64
		{500D1F89-1B50-4F54-A3A9-3AA9059328D2}.Debug|x64.Build.0 = Debug|x64
		{500D1F89-1B50-4F54-A3A9-3AA9059328D2}.Debug|x86.ActiveCfg = Debug|x64
		{500D1F89-1B50-4F54-A3A9-3AA9059328D2}.DebugETW|Any CPU.ActiveCfg = Debug|Win32
		{500D1F89-1B50-4F54-A3A9-3AA9059328D2}.DebugETW|Win32.ActiveCfg = Debug|x64
		{500D1F89-1B50-4F54-A3A9-3AA9059328D2}.DebugETW|x64.ActiveCfg = Debug|Win32
		{500D1F89-1B50-4F54-A3A9-3AA9059328D2}.DebugETW|x86.ActiveCfg = Debug|x64
		{500D1F89-1B50-4F54-A3A9-3AA9059328D2}.Release|Any CPU.ActiveCfg = Release|Win32
		{500D1F89-1B50-4F54-A3A9-3AA9059328D2}.Release|Win32.ActiveCfg = Release|Win32
		{500D1F89-1B50-4F54-A3A9-3AA9059328D2}.Release|Win32.Build.0 = Release|Win32
		{500D1F89-1B50-4F54-A3A9-3AA9059328D2}.Release|x64.ActiveCfg = Release|Win32
		{500D1F89-1B50-4F54-A3A9-3AA9059328D2}.Release|x86.ActiveCfg = Release|x64
		{500D1F89-1B50-4F54-A3A9-3AA9059328D2}.ReleaseETW|Any CPU.ActiveCfg = Release|Win32
		{500D1F89-1B50-4F54-A3A9-3AA9059328D2}.ReleaseETW|Win32.ActiveCfg = Release|x64
		{500D1F89-1B50-4F54-A3A9-3AA9059328D2}.ReleaseETW|x64.ActiveCfg = Release|Win32
		{500D1F89-1B50-4F54-A3A9-3AA9059328D2}.ReleaseETW|x86.ActiveCfg = Release|x64
		{7DF2C5F5-5308-41B2-87F5-75189DBD4760}.Debug|Any CPU.ActiveCfg = Debug|x86
		{7DF2C5F5-5308-41B2-87F5-75189DBD4760}.Debug|Win32.ActiveCfg = Debug|x64
		{7DF2C5F5-5308-41B2-87F5-75189DBD4760}.Debug|x64.ActiveCfg = Debug|x64
		{7DF2C5F5-5308-41B2-87F5-75189DBD4760}.Debug|x64.Build.0 = Debug|x64
		{7DF2C5F5-5308-41B2-87F5-75189DBD4760}.Debug|x86.ActiveCfg = Debug|x86
		{7DF2C5F5-5308-41B2-87F5-75189DBD4760}.Debug|x86.Build.0 = Debug|x86
		{7DF2C5F5-5308-41B2-87F5-75189DBD4760}.DebugETW|Any CPU.ActiveCfg = Debug|x86
		{7DF2C5F5-5308-41B2-87F5-75189DBD4760}.DebugETW|Win32.ActiveCfg = Debug|x64
		{7DF2C5F5-5308-41B2-87F5-75189DBD4760}.DebugETW|x64.ActiveCfg = Debug|x64
		{7DF2C5F5-5308-41B2-87F5-75189DBD4760}.DebugETW|x64.Build.0 = Debug|x64
		{7DF2C5F5-5308-41B2-87F5-75189DBD4760}.DebugETW|x86.ActiveCfg = Debug|x64
		{7DF2C5F5-5308-41B2-87F5-75189DBD4760}.Release|Any CPU.ActiveCfg = Release|x86
		{7DF2C5F5-5308-41B2-87F5-75189DBD4760}.Release|Win32.ActiveCfg = Release|x64
		{7DF2C5F5-5308-41B2-87F5-75189DBD4760}.Release|x64.ActiveCfg = Release|x64
		{7DF2C5F5-5308-41B2-87F5-75189DBD4760}.Release|x64.Build.0 = Release|x64
		{7DF2C5F5-5308-41B2-87F5-75189DBD4760}.Release|x86.ActiveCfg = Release|x86
		{7DF2C5F5-5308-41B2-87F5-75189DBD4760}.Release|x86.Build.0 = Release|x86
		{7DF2C5F5-5308-41B2-87F5-75189DBD4760}.ReleaseETW|Any CPU.ActiveCfg = Release|x86
		{7DF2C5F5-5308-41B2-87F5-75189DBD4760}.ReleaseETW|Win32.ActiveCfg = Release|x64
		{7DF2C5F5-5308-41B2-87F5-75189DBD4760}.ReleaseETW|x64.ActiveCfg = Release|x64
		{7DF2C5F5-5308-41B2-87F5-75189DBD4760}.ReleaseETW|x64.Build.0 = Release|x64
		{7DF2C5F5-5308-41B2-87F5-75189DBD4760}.ReleaseETW|x86.ActiveCfg = Release|x64
		{403F04B0-6C87-48B9-9918-699BA1B84692}.Debug|Any CPU.ActiveCfg = Debug|x86
		{403F04B0-6C87-48B9-9918-699BA1B84692}.Debug|Win32.ActiveCfg = Debug|x86
		{403F04B0-6C87-48B9-9918-699BA1B84692}.Debug|x64.ActiveCfg = Debug|x64
		{403F04B0-6C87-48B9-9918-699BA1B84692}.Debug|x64.Build.0 = Debug|x64
		{403F04B0-6C87-48B9-9918-699BA1B84692}.Debug|x86.ActiveCfg = Debug|x86
		{403F04B0-6C87-48B9-9918-699BA1B84692}.Debug|x86.Build.0 = Debug|x86
		{403F04B0-6C87-48B9-9918-699BA1B84692}.DebugETW|Any CPU.ActiveCfg = Debug|x86
		{403F04B0-6C87-48B9-9918-699BA1B84692}.DebugETW|Win32.ActiveCfg = Debug|x86
		{403F04B0-6C87-48B9-9918-699BA1B84692}.DebugETW|x64.ActiveCfg = Debug|x86
		{403F04B0-6C87-48B9-9918-699BA1B84692}.DebugETW|x86.ActiveCfg = Debug|x86
		{403F04B0-6C87-48B9-9918-699BA1B84692}.DebugETW|x86.Build.0 = Debug|x86
		{403F04B0-6C87-48B9-9918-699BA1B84692}.Release|Any CPU.ActiveCfg = Release|x86
		{403F04B0-6C87-48B9-9918-699BA1B84692}.Release|Win32.ActiveCfg = Release|x86
		{403F04B0-6C87-48B9-9918-699BA1B84692}.Release|x64.ActiveCfg = Release|x64
		{403F04B0-6C87-48B9-9918-699BA1B84692}.Release|x64.Build.0 = Release|x64
		{403F04B0-6C87-48B9-9918-699BA1B84692}.Release|x86.ActiveCfg = Release|x86
		{403F04B0-6C87-48B9-9918-699BA1B84692}.Release|x86.Build.0 = Release|x86
		{403F04B0-6C87-48B9-9918-699BA1B84692}.ReleaseETW|Any CPU.ActiveCfg = Release|x86
		{403F04B0-6C87-48B9-9918-699BA1B84692}.ReleaseETW|Win32.ActiveCfg = Release|x86
		{403F04B0-6C87-48B9-9918-699BA1B84692}.ReleaseETW|x64.ActiveCfg = Release|x86
		{403F04B0-6C87-48B9-9918-699BA1B84692}.ReleaseETW|x86.ActiveCfg = Release|x86
		{403F04B0-6C87-48B9-9918-699BA1B84692}.ReleaseETW|x86.Build.0 = Release|x86
		{E143BABC-CD22-4C3D-9F9E-F5F7442371E7}.Debug|Any CPU.ActiveCfg = Debug|x64
		{E143BABC-CD22-4C3D-9F9E-F5F7442371E7}.Debug|Win32.ActiveCfg = Debug|x64
		{E143BABC-CD22-4C3D-9F9E-F5F7442371E7}.Debug|x64.ActiveCfg = Debug|x64
		{E143BABC-CD22-4C3D-9F9E-F5F7442371E7}.Debug|x64.Build.0 = Debug|x64
		{E143BABC-CD22-4C3D-9F9E-F5F7442371E7}.Debug|x86.ActiveCfg = Debug|x64
		{E143BABC-CD22-4C3D-9F9E-F5F7442371E7}.DebugETW|Any CPU.ActiveCfg = Debug|x64
		{E143BABC-CD22-4C3D-9F9E-F5F7442371E7}.DebugETW|Win32.ActiveCfg = Debug|x64
		{E143BABC-CD22-4C3D-9F9E-F5F7442371E7}.DebugETW|x64.ActiveCfg = Debug|x64
		{E143BABC-CD22-4C3D-9F9E-F5F7442371E7}.DebugETW|x64.Build.0 = Debug|x64
		{E143BABC-CD22-4C3D-9F9E-F5F7442371E7}.DebugETW|x86.ActiveCfg = Debug|x64
		{E143BABC-CD22-4C3D-9F9E-F5F7442371E7}.Release|Any CPU.ActiveCfg = Release|x64
		{E143BABC-CD22-4C3D-9F9E-F5F7442371E7}.Release|Win32.ActiveCfg = Release|x64
		{E143BABC-CD22-4C3D-9F9E-F5F7442371E7}.Release|x64.ActiveCfg = Release|x64
		{E143BABC-CD22-4C3D-9F9E-F5F7442371E7}.Release|x64.Build.0 = Release|x64
		{E143BABC-CD22-4C3D-9F9E-F5F7442371E7}.Release|x86.ActiveCfg = Release|x64
		{E143BABC-CD22-4C3D-9F9E-F5F7442371E7}.ReleaseETW|Any CPU.ActiveCfg = Release|x64
		{E143BABC-CD22-4C3D-9F9E-F5F7442371E7}.ReleaseETW|Win32.ActiveCfg = Release|x64
		{E143BABC-CD22-4C3D-9F9E-F5F7442371E7}.ReleaseETW|x64.ActiveCfg = Release|x64
		{E143BABC-CD22-4C3D-9F9E-F5F7442371E7}.ReleaseETW|x64.Build.0 = Release|x64
		{E143BABC-CD22-4C3D-9F9E-F5F7442371E7}.ReleaseETW|x86.ActiveCfg = Release|x64
		{28B5550D-628E-4755-AFA6-32A9F04951F9}.Debug|Any CPU.ActiveCfg = Debug|Win32
		{28B5550D-628E-4755-AFA6-32A9F04951F9}.Debug|Win32.ActiveCfg = Debug|Win32
		{28B5550D-628E-4755-AFA6-32A9F04951F9}.Debug|Win32.Build.0 = Debug|Win32
		{28B5550D-628E-4755-AFA6-32A9F04951F9}.Debug|x64.ActiveCfg = Debug|x64
		{28B5550D-628E-4755-AFA6-32A9F04951F9}.Debug|x64.Build.0 = Debug|x64
		{28B5550D-628E-4755-AFA6-32A9F04951F9}.Debug|x86.ActiveCfg = Debug|Win32
		{28B5550D-628E-4755-AFA6-32A9F04951F9}.Debug|x86.Build.0 = Debug|Win32
		{28B5550D-628E-4755-AFA6-32A9F04951F9}.DebugETW|Any CPU.ActiveCfg = Debug|Win32
		{28B5550D-628E-4755-AFA6-32A9F04951F9}.DebugETW|Win32.ActiveCfg = Debug|Win32
		{28B5550D-628E-4755-AFA6-32A9F04951F9}.DebugETW|Win32.Build.0 = Debug|Win32
		{28B5550D-628E-4755-AFA6-32A9F04951F9}.DebugETW|x64.ActiveCfg = Debug|x64
		{28B5550D-628E-4755-AFA6-32A9F04951F9}.DebugETW|x64.Build.0 = Debug|x64
		{28B5550D-628E-4755-AFA6-32A9F04951F9}.DebugETW|x86.ActiveCfg = Debug|Win32
		{28B5550D-628E-4755-AFA6-32A9F04951F9}.DebugETW|x86.Build.0 = Debug|Win32
		{28B5550D-628E-4755-AFA6-32A9F04951F9}.Release|Any CPU.ActiveCfg = Release|Win32
		{28B5550D-628E-4755-AFA6-32A9F04951F9}.Release|Win32.ActiveCfg = Release|Win32
		{28B5550D-628E-4755-AFA6-32A9F04951F9}.Release|Win32.Build.0 = Release|Win32
		{28B5550D-628E-4755-AFA6-32A9F04951F9}.Release|x64.ActiveCfg = Release|x64
		{28B5550D-628E-4755-AFA6-32A9F04951F9}.Release|x64.Build.0 = Release|x64
		{28B5550D-628E-4755-AFA6-32A9F04951F9}.Release|x86.ActiveCfg = Release|Win32
		{28B5550D-628E-4755-AFA6-32A9F04951F9}.Release|x86.Build.0 = Release|Win32
		{28B5550D-628E-4755-AFA6-32A9F04951F9}.ReleaseETW|Any CPU.ActiveCfg = Release|Win32
		{28B5550D-628E-4755-AFA6-32A9F04951F9}.ReleaseETW|Win32.ActiveCfg = Release|Win32
		{28B5550D-628E-4755-AFA6-32A9F04951F9}.ReleaseETW|Win32.Build.0 = Release|Win32
		{28B5550D-628E-4755-AFA6-32A9F04951F9}.ReleaseETW|x64.ActiveCfg = Release|x64
		{28B5550D-628E-4755-AFA6-32A9F04951F9}.ReleaseETW|x64.Build.0 = Release|x64
		{28B5550D-628E-4755-AFA6-32A9F04951F9}.ReleaseETW|x86.ActiveCfg = Release|Win32
		{28B5550D-628E-4755-AFA6-32A9F04951F9}.ReleaseETW|x86.Build.0 = Release|Win32
		{EB450513-1B40-4E1F-9D8B-25266DC31EFB}.Debug|Any CPU.ActiveCfg = Debug|Win32
		{EB450513-1B40-4E1F-9D8B-25266DC31EFB}.Debug|Win32.ActiveCfg = Debug|Win32
		{EB450513-1B40-4E1F-9D8B-25266DC31EFB}.Debug|Win32.Build.0 = Debug|Win32
		{EB450513-1B40-4E1F-9D8B-25266DC31EFB}.Debug|x64.ActiveCfg = Debug|x64
		{EB450513-1B40-4E1F-9D8B-25266DC31EFB}.Debug|x64.Build.0 = Debug|x64
		{EB450513-1B40-4E1F-9D8B-25266DC31EFB}.Debug|x86.ActiveCfg = Debug|Win32
		{EB450513-1B40-4E1F-9D8B-25266DC31EFB}.Debug|x86.Build.0 = Debug|Win32
		{EB450513-1B40-4E1F-9D8B-25266DC31EFB}.DebugETW|Any CPU.ActiveCfg = Debug|Win32
		{EB450513-1B40-4E1F-9D8B-25266DC31EFB}.DebugETW|Win32.ActiveCfg = Debug|Win32
		{EB450513-1B40-4E1F-9D8B-25266DC31EFB}.DebugETW|Win32.Build.0 = Debug|Win32
		{EB450513-1B40-4E1F-9D8B-25266DC31EFB}.DebugETW|x64.ActiveCfg = Debug|x64
		{EB450513-1B40-4E1F-9D8B-25266DC31EFB}.DebugETW|x64.Build.0 = Debug|x64
		{EB450513-1B40-4E1F-9D8B-25266DC31EFB}.DebugETW|x86.ActiveCfg = Debug|Win32
		{EB450513-1B40-4E1F-9D8B-25266DC31EFB}.DebugETW|x86.Build.0 = Debug|Win32
		{EB450513-1B40-4E1F-9D8B-25266DC31EFB}.Release|Any CPU.ActiveCfg = Release|Win32
		{EB450513-1B40-4E1F-9D8B-25266DC31EFB}.Release|Win32.ActiveCfg = Release|Win32
		{EB450513-1B40-4E1F-9D8B-25266DC31EFB}.Release|Win32.Build.0 = Release|Win32
		{EB450513-1B40-4E1F-9D8B-25266DC31EFB}.Release|x64.ActiveCfg = Release|x64
		{EB450513-1B40-4E1F-9D8B-25266DC31EFB}.Release|x64.Build.0 = Release|x64
		{EB450513-1B40-4E1F-9D8B-25266DC31EFB}.Release|x86.ActiveCfg = Release|Win32
		{EB450513-1B40-4E1F-9D8B-25266DC31EFB}.Release|x86.Build.0 = Release|Win32
		{EB450513-1B40-4E1F-9D8B-25266DC31EFB}.ReleaseETW|Any CPU.ActiveCfg = Release|Win32
		{EB450513-1B40-4E1F-9D8B-25266DC31EFB}.ReleaseETW|Win32.ActiveCfg = Release|Win32
		{EB450513-1B40-4E1F-9D8B-25266DC31EFB}.ReleaseETW|Win32.Build.0 = Release|Win32
		{EB450513-1B40-4E1F-9D8B-25266DC31EFB}.ReleaseETW|x64.ActiveCfg = Release|x64
		{EB450513-1B40-4E1F-9D8B-25266DC31EFB}.ReleaseETW|x64.Build.0 = Release|x64
		{EB450513-1B40-4E1F-9D8B-25266DC31EFB}.ReleaseETW|x86.ActiveCfg = Release|Win32
		{EB450513-1B40-4E1F-9D8B-25266DC31EFB}.ReleaseETW|x86.Build.0 = Release|Win32
		{ED270924-47CB-4D77-88C3-3F89CADC3491}.Debug|Any CPU.ActiveCfg = Debug|Any CPU
		{ED270924-47CB-4D77-88C3-3F89CADC3491}.Debug|Any CPU.Build.0 = Debug|Any CPU
		{ED270924-47CB-4D77-88C3-3F89CADC3491}.Debug|Win32.ActiveCfg = Debug|Any CPU
		{ED270924-47CB-4D77-88C3-3F89CADC3491}.Debug|x64.ActiveCfg = Debug|x64
		{ED270924-47CB-4D77-88C3-3F89CADC3491}.Debug|x64.Build.0 = Debug|x64
		{ED270924-47CB-4D77-88C3-3F89CADC3491}.Debug|x86.ActiveCfg = Debug|Any CPU
		{ED270924-47CB-4D77-88C3-3F89CADC3491}.DebugETW|Any CPU.ActiveCfg = Debug|Any CPU
		{ED270924-47CB-4D77-88C3-3F89CADC3491}.DebugETW|Any CPU.Build.0 = Debug|Any CPU
		{ED270924-47CB-4D77-88C3-3F89CADC3491}.DebugETW|Win32.ActiveCfg = Debug|Any CPU
		{ED270924-47CB-4D77-88C3-3F89CADC3491}.DebugETW|x64.ActiveCfg = Debug|x64
		{ED270924-47CB-4D77-88C3-3F89CADC3491}.DebugETW|x64.Build.0 = Debug|x64
		{ED270924-47CB-4D77-88C3-3F89CADC3491}.DebugETW|x86.ActiveCfg = Debug|Any CPU
		{ED270924-47CB-4D77-88C3-3F89CADC3491}.Release|Any CPU.ActiveCfg = Release|Any CPU
		{ED270924-47CB-4D77-88C3-3F89CADC3491}.Release|Any CPU.Build.0 = Release|Any CPU
		{ED270924-47CB-4D77-88C3-3F89CADC3491}.Release|Win32.ActiveCfg = Release|Any CPU
		{ED270924-47CB-4D77-88C3-3F89CADC3491}.Release|x64.ActiveCfg = Release|x64
		{ED270924-47CB-4D77-88C3-3F89CADC3491}.Release|x64.Build.0 = Release|x64
		{ED270924-47CB-4D77-88C3-3F89CADC3491}.Release|x86.ActiveCfg = Release|Any CPU
		{ED270924-47CB-4D77-88C3-3F89CADC3491}.ReleaseETW|Any CPU.ActiveCfg = Release|Any CPU
		{ED270924-47CB-4D77-88C3-3F89CADC3491}.ReleaseETW|Any CPU.Build.0 = Release|Any CPU
		{ED270924-47CB-4D77-88C3-3F89CADC3491}.ReleaseETW|Win32.ActiveCfg = Release|Any CPU
		{ED270924-47CB-4D77-88C3-3F89CADC3491}.ReleaseETW|x64.ActiveCfg = Release|x64
		{ED270924-47CB-4D77-88C3-3F89CADC3491}.ReleaseETW|x64.Build.0 = Release|x64
		{ED270924-47CB-4D77-88C3-3F89CADC3491}.ReleaseETW|x86.ActiveCfg = Release|Any CPU
		{70170E32-9490-48DC-88C9-288EAADBDA4F}.Debug|Any CPU.ActiveCfg = Debug|Win32
		{70170E32-9490-48DC-88C9-288EAADBDA4F}.Debug|Win32.ActiveCfg = Debug|Win32
		{70170E32-9490-48DC-88C9-288EAADBDA4F}.Debug|Win32.Build.0 = Debug|Win32
		{70170E32-9490-48DC-88C9-288EAADBDA4F}.Debug|x64.ActiveCfg = Debug|x64
		{70170E32-9490-48DC-88C9-288EAADBDA4F}.Debug|x64.Build.0 = Debug|x64
		{70170E32-9490-48DC-88C9-288EAADBDA4F}.Debug|x86.ActiveCfg = Debug|Win32
		{70170E32-9490-48DC-88C9-288EAADBDA4F}.Debug|x86.Build.0 = Debug|Win32
		{70170E32-9490-48DC-88C9-288EAADBDA4F}.DebugETW|Any CPU.ActiveCfg = Debug|Win32
		{70170E32-9490-48DC-88C9-288EAADBDA4F}.DebugETW|Win32.ActiveCfg = Debug|Win32
		{70170E32-9490-48DC-88C9-288EAADBDA4F}.DebugETW|Win32.Build.0 = Debug|Win32
		{70170E32-9490-48DC-88C9-288EAADBDA4F}.DebugETW|x64.ActiveCfg = Debug|x64
		{70170E32-9490-48DC-88C9-288EAADBDA4F}.DebugETW|x64.Build.0 = Debug|x64
		{70170E32-9490-48DC-88C9-288EAADBDA4F}.DebugETW|x86.ActiveCfg = Debug|Win32
		{70170E32-9490-48DC-88C9-288EAADBDA4F}.DebugETW|x86.Build.0 = Debug|Win32
		{70170E32-9490-48DC-88C9-288EAADBDA4F}.Release|Any CPU.ActiveCfg = Release|Win32
		{70170E32-9490-48DC-88C9-288EAADBDA4F}.Release|Win32.ActiveCfg = Release|Win32
		{70170E32-9490-48DC-88C9-288EAADBDA4F}.Release|Win32.Build.0 = Release|Win32
		{70170E32-9490-48DC-88C9-288EAADBDA4F}.Release|x64.ActiveCfg = Release|x64
		{70170E32-9490-48DC-88C9-288EAADBDA4F}.Release|x64.Build.0 = Release|x64
		{70170E32-9490-48DC-88C9-288EAADBDA4F}.Release|x86.ActiveCfg = Release|Win32
		{70170E32-9490-48DC-88C9-288EAADBDA4F}.Release|x86.Build.0 = Release|Win32
		{70170E32-9490-48DC-88C9-288EAADBDA4F}.ReleaseETW|Any CPU.ActiveCfg = Release|Win32
		{70170E32-9490-48DC-88C9-288EAADBDA4F}.ReleaseETW|Win32.ActiveCfg = Release|Win32
		{70170E32-9490-48DC-88C9-288EAADBDA4F}.ReleaseETW|Win32.Build.0 = Release|Win32
		{70170E32-9490-48DC-88C9-288EAADBDA4F}.ReleaseETW|x64.ActiveCfg = Release|x64
		{70170E32-9490-48DC-88C9-288EAADBDA4F}.ReleaseETW|x64.Build.0 = Release|x64
		{70170E32-9490-48DC-88C9-288EAADBDA4F}.ReleaseETW|x86.ActiveCfg = Release|Win32
		{70170E32-9490-48DC-88C9-288EAADBDA4F}.ReleaseETW|x86.Build.0 = Release|Win32
		{0EBC8A8F-D5CD-4136-9B4E-659B496CF5EE}.Debug|Any CPU.ActiveCfg = Debug|x86
		{0EBC8A8F-D5CD-4136-9B4E-659B496CF5EE}.Debug|Win32.ActiveCfg = Debug|x86
		{0EBC8A8F-D5CD-4136-9B4E-659B496CF5EE}.Debug|Win32.Build.0 = Debug|x86
		{0EBC8A8F-D5CD-4136-9B4E-659B496CF5EE}.Debug|x64.ActiveCfg = Debug|x64
		{0EBC8A8F-D5CD-4136-9B4E-659B496CF5EE}.Debug|x64.Build.0 = Debug|x64
		{0EBC8A8F-D5CD-4136-9B4E-659B496CF5EE}.Debug|x86.ActiveCfg = Debug|x86
		{0EBC8A8F-D5CD-4136-9B4E-659B496CF5EE}.Debug|x86.Build.0 = Debug|x86
		{0EBC8A8F-D5CD-4136-9B4E-659B496CF5EE}.DebugETW|Any CPU.ActiveCfg = Debug|x86
		{0EBC8A8F-D5CD-4136-9B4E-659B496CF5EE}.DebugETW|Win32.ActiveCfg = Debug|x86
		{0EBC8A8F-D5CD-4136-9B4E-659B496CF5EE}.DebugETW|Win32.Build.0 = Debug|x86
		{0EBC8A8F-D5CD-4136-9B4E-659B496CF5EE}.DebugETW|x64.ActiveCfg = Debug|x64
		{0EBC8A8F-D5CD-4136-9B4E-659B496CF5EE}.DebugETW|x64.Build.0 = Debug|x64
		{0EBC8A8F-D5CD-4136-9B4E-659B496CF5EE}.DebugETW|x86.ActiveCfg = Debug|x86
		{0EBC8A8F-D5CD-4136-9B4E-659B496CF5EE}.DebugETW|x86.Build.0 = Debug|x86
		{0EBC8A8F-D5CD-4136-9B4E-659B496CF5EE}.Release|Any CPU.ActiveCfg = Release|x86
		{0EBC8A8F-D5CD-4136-9B4E-659B496CF5EE}.Release|Win32.ActiveCfg = Release|x86
		{0EBC8A8F-D5CD-4136-9B4E-659B496CF5EE}.Release|Win32.Build.0 = Release|x86
		{0EBC8A8F-D5CD-4136-9B4E-659B496CF5EE}.Release|x64.ActiveCfg = Release|x64
		{0EBC8A8F-D5CD-4136-9B4E-659B496CF5EE}.Release|x64.Build.0 = Release|x64
		{0EBC8A8F-D5CD-4136-9B4E-659B496CF5EE}.Release|x86.ActiveCfg = Release|x86
		{0EBC8A8F-D5CD-4136-9B4E-659B496CF5EE}.Release|x86.Build.0 = Release|x86
		{0EBC8A8F-D5CD-4136-9B4E-659B496CF5EE}.ReleaseETW|Any CPU.ActiveCfg = Release|x86
		{0EBC8A8F-D5CD-4136-9B4E-659B496CF5EE}.ReleaseETW|Win32.ActiveCfg = Release|x86
		{0EBC8A8F-D5CD-4136-9B4E-659B496CF5EE}.ReleaseETW|Win32.Build.0 = Release|x86
		{0EBC8A8F-D5CD-4136-9B4E-659B496CF5EE}.ReleaseETW|x64.ActiveCfg = Release|x64
		{0EBC8A8F-D5CD-4136-9B4E-659B496CF5EE}.ReleaseETW|x64.Build.0 = Release|x64
		{0EBC8A8F-D5CD-4136-9B4E-659B496CF5EE}.ReleaseETW|x86.ActiveCfg = Release|x86
		{0EBC8A8F-D5CD-4136-9B4E-659B496CF5EE}.ReleaseETW|x86.Build.0 = Release|x86
	EndGlobalSection
	GlobalSection(SolutionProperties) = preSolution
		HideSolutionNode = FALSE
	EndGlobalSection
	GlobalSection(NestedProjects) = preSolution
		{7BD4EE4A-1349-4CF7-9EA4-98007AAE5409} = {97CC3B28-75C9-4096-8E68-0A649F0A2C6E}
		{C713E539-2B23-416E-9773-9AEF045D3A8C} = {97CC3B28-75C9-4096-8E68-0A649F0A2C6E}
		{9112583E-0B84-4DB0-A4EC-804291E5EFC7} = {97CC3B28-75C9-4096-8E68-0A649F0A2C6E}
		{502DD1B0-F2F6-4380-8685-66A3836AFE67} = {7BD4EE4A-1349-4CF7-9EA4-98007AAE5409}
		{819AF165-55C7-45FD-AB2F-87C5784A6F58} = {7BD4EE4A-1349-4CF7-9EA4-98007AAE5409}
		{E143BABC-CD22-4C3D-9F9E-F5F7442371E7} = {7BD4EE4A-1349-4CF7-9EA4-98007AAE5409}
		{28B5550D-628E-4755-AFA6-32A9F04951F9} = {C713E539-2B23-416E-9773-9AEF045D3A8C}
		{EB450513-1B40-4E1F-9D8B-25266DC31EFB} = {C713E539-2B23-416E-9773-9AEF045D3A8C}
		{ED270924-47CB-4D77-88C3-3F89CADC3491} = {9112583E-0B84-4DB0-A4EC-804291E5EFC7}
	EndGlobalSection
EndGlobal
