<?xml version="1.0" encoding="utf-8"?>
<Project ToolsVersion="4.0" xmlns="http://schemas.microsoft.com/developer/msbuild/2003">
  <ItemGroup>
    <ClCompile Include="Stdafx.cpp">
      <Filter>dll</Filter>
    </ClCompile>
    <ClCompile Include="Renderer.cpp" />
    <ClCompile Include="Lut.cpp" />
    <ClCompile Include="DicomImage.cpp" />
  </ItemGroup>
  <ItemGroup>
    <ClInclude Include="WindowLevel.h" />
    <ClInclude Include="resource.h">
      <Filter>dll</Filter>
    </ClInclude>
    <ClInclude Include="Stdafx.h">
      <Filter>dll</Filter>
    </ClInclude>
    <ClInclude Include="Renderer.h" />
    <ClInclude Include="Lut.h" />
    <ClInclude Include="DicomImage.h" />
  </ItemGroup>
  <ItemGroup>
    <Filter Include="dll">
      <UniqueIdentifier>{db24dfef-41e5-4daf-b560-646634973d41}</UniqueIdentifier>
    </Filter>
  </ItemGroup>
  <ItemGroup>
    <None Include="BuildNumber.ver">
      <Filter>dll</Filter>
    </None>
  </ItemGroup>
  <ItemGroup>
    <ResourceCompile Include="v3ddcmimg.rc">
      <Filter>dll</Filter>
    </ResourceCompile>
  </ItemGroup>
</Project>