
Microsoft Visual Studio Solution File, Format Version 12.00
# Visual Studio 14
VisualStudioVersion = 14.0.25420.1
MinimumVisualStudioVersion = 10.0.40219.1
Project("{FAE04EC0-301F-11D3-BF4B-00C04F79EFBC}") = "DicomViewer", "..\..\src\dicom\DicomViewer\DicomViewer.csproj", "{E49B135B-0B10-4191-BB82-251DC1E8DFB0}"
	ProjectSection(ProjectDependencies) = postProject
		{819AF165-55C7-45FD-AB2F-87C5784A6F58} = {819AF165-55C7-45FD-AB2F-87C5784A6F58}
		{E143BABC-CD22-4C3D-9F9E-F5F7442371E7} = {E143BABC-CD22-4C3D-9F9E-F5F7442371E7}
	EndProjectSection
EndProject
Project("{FAE04EC0-301F-11D3-BF4B-00C04F79EFBC}") = "SendImage", "..\..\src\dicom\SendImage\SendImage.csproj", "{ADEA7F75-BAF4-4DA1-9129-732B6E7BA15C}"
EndProject
Project("{2150E333-8FDC-42A3-9474-1A3956D46DE8}") = "CodeBase", "CodeBase", "{71F7CBA6-6F85-41D9-BADB-11E494D400E7}"
EndProject
Project("{2150E333-8FDC-42A3-9474-1A3956D46DE8}") = "vx", "vx", "{22E07146-0F97-4E37-B951-7B15C57C1422}"
EndProject
Project("{FAE04EC0-301F-11D3-BF4B-00C04F79EFBC}") = "DicomSend", "..\..\src\dicom\DicomSend\DicomSend.csproj", "{05A3CFA9-6E63-4497-834D-4A163813DE74}"
	ProjectSection(ProjectDependencies) = postProject
		{819AF165-55C7-45FD-AB2F-87C5784A6F58} = {819AF165-55C7-45FD-AB2F-87C5784A6F58}
		{E143BABC-CD22-4C3D-9F9E-F5F7442371E7} = {E143BABC-CD22-4C3D-9F9E-F5F7442371E7}
		{34AF0BC8-45A3-41A2-B375-7C6F747AACB0} = {34AF0BC8-45A3-41A2-B375-7C6F747AACB0}
	EndProjectSection
EndProject
Project("{FAE04EC0-301F-11D3-BF4B-00C04F79EFBC}") = "Push", "..\..\src\dicom\Push\Push.csproj", "{9C1A245E-705E-4EC7-A0EF-2966EF3E1A40}"
EndProject
Project("{FAE04EC0-301F-11D3-BF4B-00C04F79EFBC}") = "PacsViewer", "..\..\src\dicom\PacsViewer\PacsViewer.csproj", "{49951E3A-1704-4474-B4F0-3A1EC55BE7EB}"
EndProject
Project("{FAE04EC0-301F-11D3-BF4B-00C04F79EFBC}") = "Get", "..\..\src\dicom\Get\Get.csproj", "{F496E563-B3E5-4A29-989A-9CB411325CE6}"
EndProject
Project("{FAE04EC0-301F-11D3-BF4B-00C04F79EFBC}") = "Query", "..\..\src\dicom\Query\Query.csproj", "{C2BB10AF-CBB4-442D-8095-D98014041BEC}"
EndProject
Project("{FAE04EC0-301F-11D3-BF4B-00C04F79EFBC}") = "Viatronix.Utilities", "..\..\src\Viatronix.Utilities\Viatronix.Utilities.csproj", "{403F04B0-6C87-48B9-9918-699BA1B84692}"
EndProject
Project("{FAE04EC0-301F-11D3-BF4B-00C04F79EFBC}") = "CreateVolume", "..\..\src\dicom\CreateVolume\CreateVolume.csproj", "{50A97F71-FAA5-4236-97C7-6F7CC4E750A3}"
	ProjectSection(ProjectDependencies) = postProject
		{819AF165-55C7-45FD-AB2F-87C5784A6F58} = {819AF165-55C7-45FD-AB2F-87C5784A6F58}
		{B5D83396-B7A2-4EFB-B407-916FB3FC15C5} = {B5D83396-B7A2-4EFB-B407-916FB3FC15C5}
		{E143BABC-CD22-4C3D-9F9E-F5F7442371E7} = {E143BABC-CD22-4C3D-9F9E-F5F7442371E7}
		{34AF0BC8-45A3-41A2-B375-7C6F747AACB0} = {34AF0BC8-45A3-41A2-B375-7C6F747AACB0}
	EndProjectSection
EndProject
Project("{2150E333-8FDC-42A3-9474-1A3956D46DE8}") = "v3d", "v3d", "{362FA157-EFDA-4492-9432-CE30D059D72E}"
EndProject
Project("{FAE04EC0-301F-11D3-BF4B-00C04F79EFBC}") = "DicomHeaderViewer", "..\..\src\dicom\DicomHeaderViewer\DicomHeaderViewer.csproj", "{13899C64-09CD-4B65-A280-73B9953EFC61}"
EndProject
Project("{8BC9CEB8-8B4A-11D0-8D11-00A0C91BC942}") = "vxBase", "..\..\..\Core\src\vx\vxBase\vxBase.vcxproj", "{502DD1B0-F2F6-4380-8685-66A3836AFE67}"
EndProject
Project("{8BC9CEB8-8B4A-11D0-8D11-00A0C91BC942}") = "vxBlockVolume", "..\..\..\Core\src\vx\vxBlockVolume\vxBlockVolume.vcxproj", "{B5D83396-B7A2-4EFB-B407-916FB3FC15C5}"
EndProject
Project("{8BC9CEB8-8B4A-11D0-8D11-00A0C91BC942}") = "vxConversion", "..\..\..\Core\src\vx\vxConversion\vxConversion.vcxproj", "{34AF0BC8-45A3-41A2-B375-7C6F747AACB0}"
EndProject
Project("{8BC9CEB8-8B4A-11D0-8D11-00A0C91BC942}") = "vxDicom", "..\..\..\Core\src\vx\vxDicom\vxDicom.vcxproj", "{E143BABC-CD22-4C3D-9F9E-F5F7442371E7}"
EndProject
Project("{8BC9CEB8-8B4A-11D0-8D11-00A0C91BC942}") = "vxLogger", "..\..\..\Core\src\vx\vxLogger\vxLogger.vcxproj", "{819AF165-55C7-45FD-AB2F-87C5784A6F58}"
EndProject
Project("{8BC9CEB8-8B4A-11D0-8D11-00A0C91BC942}") = "vxPacs", "..\..\..\Core\src\vx\vxPacs\vxPacs.vcxproj", "{C8C7074D-ABB7-44B0-8D4B-B18CD38B94FF}"
EndProject
Project("{8BC9CEB8-8B4A-11D0-8D11-00A0C91BC942}") = "vxPdf", "..\..\..\Core\src\vx\vxPdf\vxPdf.vcxproj", "{A13E1BE0-5D6E-499D-BE3E-5A9AC17778F0}"
EndProject
Project("{8BC9CEB8-8B4A-11D0-8D11-00A0C91BC942}") = "Viatronix.Conversion", "..\..\..\Core\src\v3d\Viatronix.Conversion\Viatronix.Conversion.vcxproj", "{B92D2B00-A8DC-4413-B4B6-1E67EB203163}"
EndProject
Project("{8BC9CEB8-8B4A-11D0-8D11-00A0C91BC942}") = "Viatronix.Dicom.Imaging", "..\..\..\Core\src\v3d\Viatronix.Dicom.Imaging\Viatronix.Dicom.Imaging.vcxproj", "{B56B7E17-153B-4B81-9DB7-A28B3E5611D6}"
EndProject
Project("{8BC9CEB8-8B4A-11D0-8D11-00A0C91BC942}") = "Viatronix.Dicom", "..\..\..\Core\src\v3d\Viatronix.Dicom\Viatronix.Dicom.vcxproj", "{28B5550D-628E-4755-AFA6-32A9F04951F9}"
EndProject
Project("{FAE04EC0-301F-11D3-BF4B-00C04F79EFBC}") = "Viatronix.Encryption", "..\..\..\Core\src\v3d\Viatronix.Encryption\Viatronix.Encryption.csproj", "{ED270924-47CB-4D77-88C3-3F89CADC3491}"
EndProject
Project("{FAE04EC0-301F-11D3-BF4B-00C04F79EFBC}") = "Viatronix.Enterprise", "..\..\..\Core\src\v3d\Viatronix.Enterprise\Viatronix.Enterprise.csproj", "{2C472D70-DA70-47D7-BBD4-AF591FAE0D1D}"
EndProject
Project("{FAE04EC0-301F-11D3-BF4B-00C04F79EFBC}") = "Viatronix.Dicom.MVVM", "..\..\..\Core\src\v3d\Viatronix.Dicom.MVVM\Viatronix.Dicom.MVVM.csproj", "{21C84849-D02E-41C1-83AF-78B41CEE67EE}"
EndProject
Project("{FAE04EC0-301F-11D3-BF4B-00C04F79EFBC}") = "Viatronix.UI.WPF", "..\..\..\Core\src\v3d\Viatronix.UI.WPF\Viatronix.UI.WPF.csproj", "{486539FC-40C1-4E58-BA64-332DBC576AC6}"
EndProject
Project("{8BC9CEB8-8B4A-11D0-8D11-00A0C91BC942}") = "vxMessaging", "..\..\..\Core\src\vx\vxMessaging\vxMessaging.vcxproj", "{7B154126-5869-4ED9-B7D7-C75E720262EF}"
EndProject
Project("{FAE04EC0-301F-11D3-BF4B-00C04F79EFBC}") = "Viatronix.UI", "..\..\..\Core\src\v3d\Viatronix.UI\Viatronix.UI.csproj", "{CF5F8616-EA2B-4AC9-A514-E46CD6C5595E}"
EndProject
Project("{8BC9CEB8-8B4A-11D0-8D11-00A0C91BC942}") = "Viatronix.Messaging", "..\..\..\Core\src\v3d\Viatronix.Messaging\Viatronix.Messaging.vcxproj", "{B2A224AD-1B7F-47F6-82F0-21D365058DF6}"
EndProject
Project("{8BC9CEB8-8B4A-11D0-8D11-00A0C91BC942}") = "Viatronix.Logging", "..\..\..\Core\src\v3d\Viatronix.Logging\Viatronix.Logging.vcxproj", "{EB450513-1B40-4E1F-9D8B-25266DC31EFB}"
EndProject
Global
	GlobalSection(SolutionConfigurationPlatforms) = preSolution
		Debug|Any CPU = Debug|Any CPU
		Debug|Win32 = Debug|Win32
		Debug|x64 = Debug|x64
		Debug|x86 = Debug|x86
		Release|Any CPU = Release|Any CPU
		Release|Win32 = Release|Win32
		Release|x64 = Release|x64
		Release|x86 = Release|x86
	EndGlobalSection
	GlobalSection(ProjectConfigurationPlatforms) = postSolution
		{E49B135B-0B10-4191-BB82-251DC1E8DFB0}.Debug|Any CPU.ActiveCfg = Debug|x64
		{E49B135B-0B10-4191-BB82-251DC1E8DFB0}.Debug|Win32.ActiveCfg = Debug|x64
		{E49B135B-0B10-4191-BB82-251DC1E8DFB0}.Debug|x64.ActiveCfg = Debug|x64
		{E49B135B-0B10-4191-BB82-251DC1E8DFB0}.Debug|x64.Build.0 = Debug|x64
		{E49B135B-0B10-4191-BB82-251DC1E8DFB0}.Debug|x86.ActiveCfg = Debug|Any CPU
		{E49B135B-0B10-4191-BB82-251DC1E8DFB0}.Debug|x86.Build.0 = Debug|Any CPU
		{E49B135B-0B10-4191-BB82-251DC1E8DFB0}.Release|Any CPU.ActiveCfg = Release|x64
		{E49B135B-0B10-4191-BB82-251DC1E8DFB0}.Release|Win32.ActiveCfg = Release|x64
		{E49B135B-0B10-4191-BB82-251DC1E8DFB0}.Release|x64.ActiveCfg = Release|x64
		{E49B135B-0B10-4191-BB82-251DC1E8DFB0}.Release|x64.Build.0 = Release|x64
		{E49B135B-0B10-4191-BB82-251DC1E8DFB0}.Release|x86.ActiveCfg = Release|x86
		{E49B135B-0B10-4191-BB82-251DC1E8DFB0}.Release|x86.Build.0 = Release|x86
		{ADEA7F75-BAF4-4DA1-9129-732B6E7BA15C}.Debug|Any CPU.ActiveCfg = Debug|x64
		{ADEA7F75-BAF4-4DA1-9129-732B6E7BA15C}.Debug|Win32.ActiveCfg = Debug|x64
		{ADEA7F75-BAF4-4DA1-9129-732B6E7BA15C}.Debug|x64.ActiveCfg = Debug|x64
		{ADEA7F75-BAF4-4DA1-9129-732B6E7BA15C}.Debug|x64.Build.0 = Debug|x64
		{ADEA7F75-BAF4-4DA1-9129-732B6E7BA15C}.Debug|x86.ActiveCfg = Debug|Any CPU
		{ADEA7F75-BAF4-4DA1-9129-732B6E7BA15C}.Debug|x86.Build.0 = Debug|Any CPU
		{ADEA7F75-BAF4-4DA1-9129-732B6E7BA15C}.Release|Any CPU.ActiveCfg = Release|x64
		{ADEA7F75-BAF4-4DA1-9129-732B6E7BA15C}.Release|Win32.ActiveCfg = Release|x64
		{ADEA7F75-BAF4-4DA1-9129-732B6E7BA15C}.Release|x64.ActiveCfg = Release|x64
		{ADEA7F75-BAF4-4DA1-9129-732B6E7BA15C}.Release|x64.Build.0 = Release|x64
		{ADEA7F75-BAF4-4DA1-9129-732B6E7BA15C}.Release|x86.ActiveCfg = Release|x86
		{ADEA7F75-BAF4-4DA1-9129-732B6E7BA15C}.Release|x86.Build.0 = Release|x86
		{05A3CFA9-6E63-4497-834D-4A163813DE74}.Debug|Any CPU.ActiveCfg = Debug|x64
		{05A3CFA9-6E63-4497-834D-4A163813DE74}.Debug|Win32.ActiveCfg = Debug|x64
		{05A3CFA9-6E63-4497-834D-4A163813DE74}.Debug|x64.ActiveCfg = Debug|x64
		{05A3CFA9-6E63-4497-834D-4A163813DE74}.Debug|x64.Build.0 = Debug|x64
		{05A3CFA9-6E63-4497-834D-4A163813DE74}.Debug|x86.ActiveCfg = Debug|Any CPU
		{05A3CFA9-6E63-4497-834D-4A163813DE74}.Debug|x86.Build.0 = Debug|Any CPU
		{05A3CFA9-6E63-4497-834D-4A163813DE74}.Release|Any CPU.ActiveCfg = Release|x64
		{05A3CFA9-6E63-4497-834D-4A163813DE74}.Release|Win32.ActiveCfg = Release|x64
		{05A3CFA9-6E63-4497-834D-4A163813DE74}.Release|x64.ActiveCfg = Release|x64
		{05A3CFA9-6E63-4497-834D-4A163813DE74}.Release|x64.Build.0 = Release|x64
		{05A3CFA9-6E63-4497-834D-4A163813DE74}.Release|x86.ActiveCfg = Release|x86
		{05A3CFA9-6E63-4497-834D-4A163813DE74}.Release|x86.Build.0 = Release|x86
		{9C1A245E-705E-4EC7-A0EF-2966EF3E1A40}.Debug|Any CPU.ActiveCfg = Debug|x64
		{9C1A245E-705E-4EC7-A0EF-2966EF3E1A40}.Debug|Win32.ActiveCfg = Debug|x64
		{9C1A245E-705E-4EC7-A0EF-2966EF3E1A40}.Debug|x64.ActiveCfg = Debug|x64
		{9C1A245E-705E-4EC7-A0EF-2966EF3E1A40}.Debug|x64.Build.0 = Debug|x64
		{9C1A245E-705E-4EC7-A0EF-2966EF3E1A40}.Debug|x86.ActiveCfg = Debug|Any CPU
		{9C1A245E-705E-4EC7-A0EF-2966EF3E1A40}.Debug|x86.Build.0 = Debug|Any CPU
		{9C1A245E-705E-4EC7-A0EF-2966EF3E1A40}.Release|Any CPU.ActiveCfg = Release|x64
		{9C1A245E-705E-4EC7-A0EF-2966EF3E1A40}.Release|Win32.ActiveCfg = Release|x64
		{9C1A245E-705E-4EC7-A0EF-2966EF3E1A40}.Release|x64.ActiveCfg = Release|x64
		{9C1A245E-705E-4EC7-A0EF-2966EF3E1A40}.Release|x64.Build.0 = Release|x64
		{9C1A245E-705E-4EC7-A0EF-2966EF3E1A40}.Release|x86.ActiveCfg = Release|x86
		{9C1A245E-705E-4EC7-A0EF-2966EF3E1A40}.Release|x86.Build.0 = Release|x86
		{49951E3A-1704-4474-B4F0-3A1EC55BE7EB}.Debug|Any CPU.ActiveCfg = Debug|x64
		{49951E3A-1704-4474-B4F0-3A1EC55BE7EB}.Debug|Win32.ActiveCfg = Debug|x64
		{49951E3A-1704-4474-B4F0-3A1EC55BE7EB}.Debug|x64.ActiveCfg = Debug|x64
		{49951E3A-1704-4474-B4F0-3A1EC55BE7EB}.Debug|x86.ActiveCfg = Debug|Any CPU
		{49951E3A-1704-4474-B4F0-3A1EC55BE7EB}.Debug|x86.Build.0 = Debug|Any CPU
		{49951E3A-1704-4474-B4F0-3A1EC55BE7EB}.Release|Any CPU.ActiveCfg = Release|x64
		{49951E3A-1704-4474-B4F0-3A1EC55BE7EB}.Release|Win32.ActiveCfg = Release|x64
		{49951E3A-1704-4474-B4F0-3A1EC55BE7EB}.Release|x64.ActiveCfg = Release|x64
		{49951E3A-1704-4474-B4F0-3A1EC55BE7EB}.Release|x86.ActiveCfg = Release|x86
		{49951E3A-1704-4474-B4F0-3A1EC55BE7EB}.Release|x86.Build.0 = Release|x86
		{F496E563-B3E5-4A29-989A-9CB411325CE6}.Debug|Any CPU.ActiveCfg = Debug|x64
		{F496E563-B3E5-4A29-989A-9CB411325CE6}.Debug|Win32.ActiveCfg = Debug|x64
		{F496E563-B3E5-4A29-989A-9CB411325CE6}.Debug|x64.ActiveCfg = Debug|x64
		{F496E563-B3E5-4A29-989A-9CB411325CE6}.Debug|x64.Build.0 = Debug|x64
		{F496E563-B3E5-4A29-989A-9CB411325CE6}.Debug|x86.ActiveCfg = Debug|Any CPU
		{F496E563-B3E5-4A29-989A-9CB411325CE6}.Debug|x86.Build.0 = Debug|Any CPU
		{F496E563-B3E5-4A29-989A-9CB411325CE6}.Release|Any CPU.ActiveCfg = Release|x64
		{F496E563-B3E5-4A29-989A-9CB411325CE6}.Release|Win32.ActiveCfg = Release|x64
		{F496E563-B3E5-4A29-989A-9CB411325CE6}.Release|x64.ActiveCfg = Release|x64
		{F496E563-B3E5-4A29-989A-9CB411325CE6}.Release|x64.Build.0 = Release|x64
		{F496E563-B3E5-4A29-989A-9CB411325CE6}.Release|x86.ActiveCfg = Release|x86
		{F496E563-B3E5-4A29-989A-9CB411325CE6}.Release|x86.Build.0 = Release|x86
		{C2BB10AF-CBB4-442D-8095-D98014041BEC}.Debug|Any CPU.ActiveCfg = Debug|x64
		{C2BB10AF-CBB4-442D-8095-D98014041BEC}.Debug|Win32.ActiveCfg = Debug|x64
		{C2BB10AF-CBB4-442D-8095-D98014041BEC}.Debug|x64.ActiveCfg = Debug|x64
		{C2BB10AF-CBB4-442D-8095-D98014041BEC}.Debug|x64.Build.0 = Debug|x64
		{C2BB10AF-CBB4-442D-8095-D98014041BEC}.Debug|x86.ActiveCfg = Debug|Any CPU
		{C2BB10AF-CBB4-442D-8095-D98014041BEC}.Debug|x86.Build.0 = Debug|Any CPU
		{C2BB10AF-CBB4-442D-8095-D98014041BEC}.Release|Any CPU.ActiveCfg = Release|x64
		{C2BB10AF-CBB4-442D-8095-D98014041BEC}.Release|Win32.ActiveCfg = Release|x64
		{C2BB10AF-CBB4-442D-8095-D98014041BEC}.Release|x64.ActiveCfg = Release|x64
		{C2BB10AF-CBB4-442D-8095-D98014041BEC}.Release|x64.Build.0 = Release|x64
		{C2BB10AF-CBB4-442D-8095-D98014041BEC}.Release|x86.ActiveCfg = Release|x86
		{C2BB10AF-CBB4-442D-8095-D98014041BEC}.Release|x86.Build.0 = Release|x86
		{403F04B0-6C87-48B9-9918-699BA1B84692}.Debug|Any CPU.ActiveCfg = Debug|x86
		{403F04B0-6C87-48B9-9918-699BA1B84692}.Debug|Win32.ActiveCfg = Debug|x86
		{403F04B0-6C87-48B9-9918-699BA1B84692}.Debug|x64.ActiveCfg = Debug|x64
		{403F04B0-6C87-48B9-9918-699BA1B84692}.Debug|x64.Build.0 = Debug|x64
		{403F04B0-6C87-48B9-9918-699BA1B84692}.Debug|x86.ActiveCfg = Debug|Any CPU
		{403F04B0-6C87-48B9-9918-699BA1B84692}.Debug|x86.Build.0 = Debug|Any CPU
		{403F04B0-6C87-48B9-9918-699BA1B84692}.Release|Any CPU.ActiveCfg = Release|x86
		{403F04B0-6C87-48B9-9918-699BA1B84692}.Release|Win32.ActiveCfg = Release|x86
		{403F04B0-6C87-48B9-9918-699BA1B84692}.Release|x64.ActiveCfg = Release|x64
		{403F04B0-6C87-48B9-9918-699BA1B84692}.Release|x64.Build.0 = Release|x64
		{403F04B0-6C87-48B9-9918-699BA1B84692}.Release|x86.ActiveCfg = Release|x86
		{403F04B0-6C87-48B9-9918-699BA1B84692}.Release|x86.Build.0 = Release|x86
		{50A97F71-FAA5-4236-97C7-6F7CC4E750A3}.Debug|Any CPU.ActiveCfg = Debug|x86
		{50A97F71-FAA5-4236-97C7-6F7CC4E750A3}.Debug|Win32.ActiveCfg = Debug|x86
		{50A97F71-FAA5-4236-97C7-6F7CC4E750A3}.Debug|x64.ActiveCfg = Debug|x64
		{50A97F71-FAA5-4236-97C7-6F7CC4E750A3}.Debug|x64.Build.0 = Debug|x64
		{50A97F71-FAA5-4236-97C7-6F7CC4E750A3}.Debug|x86.ActiveCfg = Debug|x86
		{50A97F71-FAA5-4236-97C7-6F7CC4E750A3}.Debug|x86.Build.0 = Debug|x86
		{50A97F71-FAA5-4236-97C7-6F7CC4E750A3}.Release|Any CPU.ActiveCfg = Release|x86
		{50A97F71-FAA5-4236-97C7-6F7CC4E750A3}.Release|Win32.ActiveCfg = Release|x86
		{50A97F71-FAA5-4236-97C7-6F7CC4E750A3}.Release|x64.ActiveCfg = Release|x64
		{50A97F71-FAA5-4236-97C7-6F7CC4E750A3}.Release|x64.Build.0 = Release|x64
		{50A97F71-FAA5-4236-97C7-6F7CC4E750A3}.Release|x86.ActiveCfg = Release|x86
		{50A97F71-FAA5-4236-97C7-6F7CC4E750A3}.Release|x86.Build.0 = Release|x86
		{13899C64-09CD-4B65-A280-73B9953EFC61}.Debug|Any CPU.ActiveCfg = Debug|Any CPU
		{13899C64-09CD-4B65-A280-73B9953EFC61}.Debug|Any CPU.Build.0 = Debug|Any CPU
		{13899C64-09CD-4B65-A280-73B9953EFC61}.Debug|Win32.ActiveCfg = Debug|Any CPU
		{13899C64-09CD-4B65-A280-73B9953EFC61}.Debug|x64.ActiveCfg = Debug|x64
		{13899C64-09CD-4B65-A280-73B9953EFC61}.Debug|x64.Build.0 = Debug|x64
		{13899C64-09CD-4B65-A280-73B9953EFC61}.Debug|x86.ActiveCfg = Debug|Any CPU
		{13899C64-09CD-4B65-A280-73B9953EFC61}.Debug|x86.Build.0 = Debug|Any CPU
		{13899C64-09CD-4B65-A280-73B9953EFC61}.Release|Any CPU.ActiveCfg = Release|Any CPU
		{13899C64-09CD-4B65-A280-73B9953EFC61}.Release|Any CPU.Build.0 = Release|Any CPU
		{13899C64-09CD-4B65-A280-73B9953EFC61}.Release|Win32.ActiveCfg = Release|Any CPU
		{13899C64-09CD-4B65-A280-73B9953EFC61}.Release|x64.ActiveCfg = Release|x64
		{13899C64-09CD-4B65-A280-73B9953EFC61}.Release|x64.Build.0 = Release|x64
		{13899C64-09CD-4B65-A280-73B9953EFC61}.Release|x86.ActiveCfg = Release|Any CPU
		{502DD1B0-F2F6-4380-8685-66A3836AFE67}.Debug|Any CPU.ActiveCfg = Debug|Win32
		{502DD1B0-F2F6-4380-8685-66A3836AFE67}.Debug|Win32.ActiveCfg = Debug|Win32
		{502DD1B0-F2F6-4380-8685-66A3836AFE67}.Debug|Win32.Build.0 = Debug|Win32
		{502DD1B0-F2F6-4380-8685-66A3836AFE67}.Debug|Win32.Deploy.0 = Debug|Win32
		{502DD1B0-F2F6-4380-8685-66A3836AFE67}.Debug|x64.ActiveCfg = Debug|x64
		{502DD1B0-F2F6-4380-8685-66A3836AFE67}.Debug|x64.Build.0 = Debug|x64
		{502DD1B0-F2F6-4380-8685-66A3836AFE67}.Debug|x64.Deploy.0 = Debug|x64
		{502DD1B0-F2F6-4380-8685-66A3836AFE67}.Debug|x86.ActiveCfg = Debug|Win32
		{502DD1B0-F2F6-4380-8685-66A3836AFE67}.Debug|x86.Build.0 = Debug|Win32
		{502DD1B0-F2F6-4380-8685-66A3836AFE67}.Debug|x86.Deploy.0 = Debug|Win32
		{502DD1B0-F2F6-4380-8685-66A3836AFE67}.Release|Any CPU.ActiveCfg = Release|Win32
		{502DD1B0-F2F6-4380-8685-66A3836AFE67}.Release|Win32.ActiveCfg = Release|Win32
		{502DD1B0-F2F6-4380-8685-66A3836AFE67}.Release|Win32.Build.0 = Release|Win32
		{502DD1B0-F2F6-4380-8685-66A3836AFE67}.Release|Win32.Deploy.0 = Release|Win32
		{502DD1B0-F2F6-4380-8685-66A3836AFE67}.Release|x64.ActiveCfg = Release|x64
		{502DD1B0-F2F6-4380-8685-66A3836AFE67}.Release|x64.Build.0 = Release|x64
		{502DD1B0-F2F6-4380-8685-66A3836AFE67}.Release|x64.Deploy.0 = Release|x64
		{502DD1B0-F2F6-4380-8685-66A3836AFE67}.Release|x86.ActiveCfg = Release|Win32
		{502DD1B0-F2F6-4380-8685-66A3836AFE67}.Release|x86.Build.0 = Release|Win32
		{502DD1B0-F2F6-4380-8685-66A3836AFE67}.Release|x86.Deploy.0 = Release|Win32
		{B5D83396-B7A2-4EFB-B407-916FB3FC15C5}.Debug|Any CPU.ActiveCfg = Debug|Win32
		{B5D83396-B7A2-4EFB-B407-916FB3FC15C5}.Debug|Win32.ActiveCfg = Debug|Win32
		{B5D83396-B7A2-4EFB-B407-916FB3FC15C5}.Debug|Win32.Build.0 = Debug|Win32
		{B5D83396-B7A2-4EFB-B407-916FB3FC15C5}.Debug|Win32.Deploy.0 = Debug|Win32
		{B5D83396-B7A2-4EFB-B407-916FB3FC15C5}.Debug|x64.ActiveCfg = Debug|x64
		{B5D83396-B7A2-4EFB-B407-916FB3FC15C5}.Debug|x64.Build.0 = Debug|x64
		{B5D83396-B7A2-4EFB-B407-916FB3FC15C5}.Debug|x64.Deploy.0 = Debug|x64
		{B5D83396-B7A2-4EFB-B407-916FB3FC15C5}.Debug|x86.ActiveCfg = Debug|Win32
		{B5D83396-B7A2-4EFB-B407-916FB3FC15C5}.Debug|x86.Build.0 = Debug|Win32
		{B5D83396-B7A2-4EFB-B407-916FB3FC15C5}.Debug|x86.Deploy.0 = Debug|Win32
		{B5D83396-B7A2-4EFB-B407-916FB3FC15C5}.Release|Any CPU.ActiveCfg = Release|Win32
		{B5D83396-B7A2-4EFB-B407-916FB3FC15C5}.Release|Win32.ActiveCfg = Release|Win32
		{B5D83396-B7A2-4EFB-B407-916FB3FC15C5}.Release|Win32.Build.0 = Release|Win32
		{B5D83396-B7A2-4EFB-B407-916FB3FC15C5}.Release|Win32.Deploy.0 = Release|Win32
		{B5D83396-B7A2-4EFB-B407-916FB3FC15C5}.Release|x64.ActiveCfg = Release|x64
		{B5D83396-B7A2-4EFB-B407-916FB3FC15C5}.Release|x64.Build.0 = Release|x64
		{B5D83396-B7A2-4EFB-B407-916FB3FC15C5}.Release|x64.Deploy.0 = Release|x64
		{B5D83396-B7A2-4EFB-B407-916FB3FC15C5}.Release|x86.ActiveCfg = Release|Win32
		{B5D83396-B7A2-4EFB-B407-916FB3FC15C5}.Release|x86.Build.0 = Release|Win32
		{B5D83396-B7A2-4EFB-B407-916FB3FC15C5}.Release|x86.Deploy.0 = Release|Win32
		{34AF0BC8-45A3-41A2-B375-7C6F747AACB0}.Debug|Any CPU.ActiveCfg = Debug|Win32
		{34AF0BC8-45A3-41A2-B375-7C6F747AACB0}.Debug|Win32.ActiveCfg = Debug|Win32
		{34AF0BC8-45A3-41A2-B375-7C6F747AACB0}.Debug|Win32.Build.0 = Debug|Win32
		{34AF0BC8-45A3-41A2-B375-7C6F747AACB0}.Debug|Win32.Deploy.0 = Debug|Win32
		{34AF0BC8-45A3-41A2-B375-7C6F747AACB0}.Debug|x64.ActiveCfg = Debug|x64
		{34AF0BC8-45A3-41A2-B375-7C6F747AACB0}.Debug|x64.Build.0 = Debug|x64
		{34AF0BC8-45A3-41A2-B375-7C6F747AACB0}.Debug|x64.Deploy.0 = Debug|x64
		{34AF0BC8-45A3-41A2-B375-7C6F747AACB0}.Debug|x86.ActiveCfg = Debug|Win32
		{34AF0BC8-45A3-41A2-B375-7C6F747AACB0}.Debug|x86.Build.0 = Debug|Win32
		{34AF0BC8-45A3-41A2-B375-7C6F747AACB0}.Debug|x86.Deploy.0 = Debug|Win32
		{34AF0BC8-45A3-41A2-B375-7C6F747AACB0}.Release|Any CPU.ActiveCfg = Release|Win32
		{34AF0BC8-45A3-41A2-B375-7C6F747AACB0}.Release|Win32.ActiveCfg = Release|Win32
		{34AF0BC8-45A3-41A2-B375-7C6F747AACB0}.Release|Win32.Build.0 = Release|Win32
		{34AF0BC8-45A3-41A2-B375-7C6F747AACB0}.Release|Win32.Deploy.0 = Release|Win32
		{34AF0BC8-45A3-41A2-B375-7C6F747AACB0}.Release|x64.ActiveCfg = Release|x64
		{34AF0BC8-45A3-41A2-B375-7C6F747AACB0}.Release|x64.Build.0 = Release|x64
		{34AF0BC8-45A3-41A2-B375-7C6F747AACB0}.Release|x64.Deploy.0 = Release|x64
		{34AF0BC8-45A3-41A2-B375-7C6F747AACB0}.Release|x86.ActiveCfg = Release|Win32
		{34AF0BC8-45A3-41A2-B375-7C6F747AACB0}.Release|x86.Build.0 = Release|Win32
		{34AF0BC8-45A3-41A2-B375-7C6F747AACB0}.Release|x86.Deploy.0 = Release|Win32
		{E143BABC-CD22-4C3D-9F9E-F5F7442371E7}.Debug|Any CPU.ActiveCfg = Debug|Win32
		{E143BABC-CD22-4C3D-9F9E-F5F7442371E7}.Debug|Win32.ActiveCfg = Debug|Win32
		{E143BABC-CD22-4C3D-9F9E-F5F7442371E7}.Debug|Win32.Build.0 = Debug|Win32
		{E143BABC-CD22-4C3D-9F9E-F5F7442371E7}.Debug|Win32.Deploy.0 = Debug|Win32
		{E143BABC-CD22-4C3D-9F9E-F5F7442371E7}.Debug|x64.ActiveCfg = Debug|x64
		{E143BABC-CD22-4C3D-9F9E-F5F7442371E7}.Debug|x64.Build.0 = Debug|x64
		{E143BABC-CD22-4C3D-9F9E-F5F7442371E7}.Debug|x64.Deploy.0 = Debug|x64
		{E143BABC-CD22-4C3D-9F9E-F5F7442371E7}.Debug|x86.ActiveCfg = Debug|Win32
		{E143BABC-CD22-4C3D-9F9E-F5F7442371E7}.Debug|x86.Build.0 = Debug|Win32
		{E143BABC-CD22-4C3D-9F9E-F5F7442371E7}.Debug|x86.Deploy.0 = Debug|Win32
		{E143BABC-CD22-4C3D-9F9E-F5F7442371E7}.Release|Any CPU.ActiveCfg = Release|Win32
		{E143BABC-CD22-4C3D-9F9E-F5F7442371E7}.Release|Win32.ActiveCfg = Release|Win32
		{E143BABC-CD22-4C3D-9F9E-F5F7442371E7}.Release|Win32.Build.0 = Release|Win32
		{E143BABC-CD22-4C3D-9F9E-F5F7442371E7}.Release|Win32.Deploy.0 = Release|Win32
		{E143BABC-CD22-4C3D-9F9E-F5F7442371E7}.Release|x64.ActiveCfg = Release|x64
		{E143BABC-CD22-4C3D-9F9E-F5F7442371E7}.Release|x64.Build.0 = Release|x64
		{E143BABC-CD22-4C3D-9F9E-F5F7442371E7}.Release|x64.Deploy.0 = Release|x64
		{E143BABC-CD22-4C3D-9F9E-F5F7442371E7}.Release|x86.ActiveCfg = Release|Win32
		{E143BABC-CD22-4C3D-9F9E-F5F7442371E7}.Release|x86.Build.0 = Release|Win32
		{E143BABC-CD22-4C3D-9F9E-F5F7442371E7}.Release|x86.Deploy.0 = Release|Win32
		{819AF165-55C7-45FD-AB2F-87C5784A6F58}.Debug|Any CPU.ActiveCfg = Debug|Win32
		{819AF165-55C7-45FD-AB2F-87C5784A6F58}.Debug|Win32.ActiveCfg = Debug|Win32
		{819AF165-55C7-45FD-AB2F-87C5784A6F58}.Debug|Win32.Build.0 = Debug|Win32
		{819AF165-55C7-45FD-AB2F-87C5784A6F58}.Debug|Win32.Deploy.0 = Debug|Win32
		{819AF165-55C7-45FD-AB2F-87C5784A6F58}.Debug|x64.ActiveCfg = Debug|x64
		{819AF165-55C7-45FD-AB2F-87C5784A6F58}.Debug|x64.Build.0 = Debug|x64
		{819AF165-55C7-45FD-AB2F-87C5784A6F58}.Debug|x64.Deploy.0 = Debug|x64
		{819AF165-55C7-45FD-AB2F-87C5784A6F58}.Debug|x86.ActiveCfg = Debug|Win32
		{819AF165-55C7-45FD-AB2F-87C5784A6F58}.Debug|x86.Build.0 = Debug|Win32
		{819AF165-55C7-45FD-AB2F-87C5784A6F58}.Debug|x86.Deploy.0 = Debug|Win32
		{819AF165-55C7-45FD-AB2F-87C5784A6F58}.Release|Any CPU.ActiveCfg = Release|Win32
		{819AF165-55C7-45FD-AB2F-87C5784A6F58}.Release|Win32.ActiveCfg = Release|Win32
		{819AF165-55C7-45FD-AB2F-87C5784A6F58}.Release|Win32.Build.0 = Release|Win32
		{819AF165-55C7-45FD-AB2F-87C5784A6F58}.Release|Win32.Deploy.0 = Release|Win32
		{819AF165-55C7-45FD-AB2F-87C5784A6F58}.Release|x64.ActiveCfg = Release|x64
		{819AF165-55C7-45FD-AB2F-87C5784A6F58}.Release|x64.Build.0 = Release|x64
		{819AF165-55C7-45FD-AB2F-87C5784A6F58}.Release|x64.Deploy.0 = Release|x64
		{819AF165-55C7-45FD-AB2F-87C5784A6F58}.Release|x86.ActiveCfg = Release|Win32
		{819AF165-55C7-45FD-AB2F-87C5784A6F58}.Release|x86.Build.0 = Release|Win32
		{819AF165-55C7-45FD-AB2F-87C5784A6F58}.Release|x86.Deploy.0 = Release|Win32
		{C8C7074D-ABB7-44B0-8D4B-B18CD38B94FF}.Debug|Any CPU.ActiveCfg = Debug|Win32
		{C8C7074D-ABB7-44B0-8D4B-B18CD38B94FF}.Debug|Win32.ActiveCfg = Debug|Win32
		{C8C7074D-ABB7-44B0-8D4B-B18CD38B94FF}.Debug|Win32.Build.0 = Debug|Win32
		{C8C7074D-ABB7-44B0-8D4B-B18CD38B94FF}.Debug|Win32.Deploy.0 = Debug|Win32
		{C8C7074D-ABB7-44B0-8D4B-B18CD38B94FF}.Debug|x64.ActiveCfg = Debug|x64
		{C8C7074D-ABB7-44B0-8D4B-B18CD38B94FF}.Debug|x64.Build.0 = Debug|x64
		{C8C7074D-ABB7-44B0-8D4B-B18CD38B94FF}.Debug|x64.Deploy.0 = Debug|x64
		{C8C7074D-ABB7-44B0-8D4B-B18CD38B94FF}.Debug|x86.ActiveCfg = Debug|Win32
		{C8C7074D-ABB7-44B0-8D4B-B18CD38B94FF}.Debug|x86.Build.0 = Debug|Win32
		{C8C7074D-ABB7-44B0-8D4B-B18CD38B94FF}.Debug|x86.Deploy.0 = Debug|Win32
		{C8C7074D-ABB7-44B0-8D4B-B18CD38B94FF}.Release|Any CPU.ActiveCfg = Release|Win32
		{C8C7074D-ABB7-44B0-8D4B-B18CD38B94FF}.Release|Win32.ActiveCfg = Release|Win32
		{C8C7074D-ABB7-44B0-8D4B-B18CD38B94FF}.Release|Win32.Build.0 = Release|Win32
		{C8C7074D-ABB7-44B0-8D4B-B18CD38B94FF}.Release|Win32.Deploy.0 = Release|Win32
		{C8C7074D-ABB7-44B0-8D4B-B18CD38B94FF}.Release|x64.ActiveCfg = Release|x64
		{C8C7074D-ABB7-44B0-8D4B-B18CD38B94FF}.Release|x64.Build.0 = Release|x64
		{C8C7074D-ABB7-44B0-8D4B-B18CD38B94FF}.Release|x64.Deploy.0 = Release|x64
		{C8C7074D-ABB7-44B0-8D4B-B18CD38B94FF}.Release|x86.ActiveCfg = Release|Win32
		{C8C7074D-ABB7-44B0-8D4B-B18CD38B94FF}.Release|x86.Build.0 = Release|Win32
		{C8C7074D-ABB7-44B0-8D4B-B18CD38B94FF}.Release|x86.Deploy.0 = Release|Win32
		{A13E1BE0-5D6E-499D-BE3E-5A9AC17778F0}.Debug|Any CPU.ActiveCfg = Debug|Win32
		{A13E1BE0-5D6E-499D-BE3E-5A9AC17778F0}.Debug|Win32.ActiveCfg = Debug|Win32
		{A13E1BE0-5D6E-499D-BE3E-5A9AC17778F0}.Debug|Win32.Build.0 = Debug|Win32
		{A13E1BE0-5D6E-499D-BE3E-5A9AC17778F0}.Debug|Win32.Deploy.0 = Debug|Win32
		{A13E1BE0-5D6E-499D-BE3E-5A9AC17778F0}.Debug|x64.ActiveCfg = Debug|x64
		{A13E1BE0-5D6E-499D-BE3E-5A9AC17778F0}.Debug|x64.Build.0 = Debug|x64
		{A13E1BE0-5D6E-499D-BE3E-5A9AC17778F0}.Debug|x64.Deploy.0 = Debug|x64
		{A13E1BE0-5D6E-499D-BE3E-5A9AC17778F0}.Debug|x86.ActiveCfg = Debug|Win32
		{A13E1BE0-5D6E-499D-BE3E-5A9AC17778F0}.Debug|x86.Build.0 = Debug|Win32
		{A13E1BE0-5D6E-499D-BE3E-5A9AC17778F0}.Debug|x86.Deploy.0 = Debug|Win32
		{A13E1BE0-5D6E-499D-BE3E-5A9AC17778F0}.Release|Any CPU.ActiveCfg = Release|Win32
		{A13E1BE0-5D6E-499D-BE3E-5A9AC17778F0}.Release|Win32.ActiveCfg = Release|Win32
		{A13E1BE0-5D6E-499D-BE3E-5A9AC17778F0}.Release|Win32.Build.0 = Release|Win32
		{A13E1BE0-5D6E-499D-BE3E-5A9AC17778F0}.Release|Win32.Deploy.0 = Release|Win32
		{A13E1BE0-5D6E-499D-BE3E-5A9AC17778F0}.Release|x64.ActiveCfg = Release|x64
		{A13E1BE0-5D6E-499D-BE3E-5A9AC17778F0}.Release|x64.Build.0 = Release|x64
		{A13E1BE0-5D6E-499D-BE3E-5A9AC17778F0}.Release|x64.Deploy.0 = Release|x64
		{A13E1BE0-5D6E-499D-BE3E-5A9AC17778F0}.Release|x86.ActiveCfg = Release|Win32
		{A13E1BE0-5D6E-499D-BE3E-5A9AC17778F0}.Release|x86.Build.0 = Release|Win32
		{A13E1BE0-5D6E-499D-BE3E-5A9AC17778F0}.Release|x86.Deploy.0 = Release|Win32
		{B92D2B00-A8DC-4413-B4B6-1E67EB203163}.Debug|Any CPU.ActiveCfg = Debug|Win32
		{B92D2B00-A8DC-4413-B4B6-1E67EB203163}.Debug|Win32.ActiveCfg = Debug|Win32
		{B92D2B00-A8DC-4413-B4B6-1E67EB203163}.Debug|Win32.Build.0 = Debug|Win32
		{B92D2B00-A8DC-4413-B4B6-1E67EB203163}.Debug|Win32.Deploy.0 = Debug|Win32
		{B92D2B00-A8DC-4413-B4B6-1E67EB203163}.Debug|x64.ActiveCfg = Debug|x64
		{B92D2B00-A8DC-4413-B4B6-1E67EB203163}.Debug|x64.Build.0 = Debug|x64
		{B92D2B00-A8DC-4413-B4B6-1E67EB203163}.Debug|x64.Deploy.0 = Debug|x64
		{B92D2B00-A8DC-4413-B4B6-1E67EB203163}.Debug|x86.ActiveCfg = Debug|Win32
		{B92D2B00-A8DC-4413-B4B6-1E67EB203163}.Debug|x86.Build.0 = Debug|Win32
		{B92D2B00-A8DC-4413-B4B6-1E67EB203163}.Debug|x86.Deploy.0 = Debug|Win32
		{B92D2B00-A8DC-4413-B4B6-1E67EB203163}.Release|Any CPU.ActiveCfg = Release|Win32
		{B92D2B00-A8DC-4413-B4B6-1E67EB203163}.Release|Win32.ActiveCfg = Release|Win32
		{B92D2B00-A8DC-4413-B4B6-1E67EB203163}.Release|Win32.Build.0 = Release|Win32
		{B92D2B00-A8DC-4413-B4B6-1E67EB203163}.Release|Win32.Deploy.0 = Release|Win32
		{B92D2B00-A8DC-4413-B4B6-1E67EB203163}.Release|x64.ActiveCfg = Release|x64
		{B92D2B00-A8DC-4413-B4B6-1E67EB203163}.Release|x64.Build.0 = Release|x64
		{B92D2B00-A8DC-4413-B4B6-1E67EB203163}.Release|x64.Deploy.0 = Release|x64
		{B92D2B00-A8DC-4413-B4B6-1E67EB203163}.Release|x86.ActiveCfg = Release|Win32
		{B92D2B00-A8DC-4413-B4B6-1E67EB203163}.Release|x86.Build.0 = Release|Win32
		{B92D2B00-A8DC-4413-B4B6-1E67EB203163}.Release|x86.Deploy.0 = Release|Win32
		{B56B7E17-153B-4B81-9DB7-A28B3E5611D6}.Debug|Any CPU.ActiveCfg = Debug|Win32
		{B56B7E17-153B-4B81-9DB7-A28B3E5611D6}.Debug|Win32.ActiveCfg = Debug|Win32
		{B56B7E17-153B-4B81-9DB7-A28B3E5611D6}.Debug|Win32.Build.0 = Debug|Win32
		{B56B7E17-153B-4B81-9DB7-A28B3E5611D6}.Debug|Win32.Deploy.0 = Debug|Win32
		{B56B7E17-153B-4B81-9DB7-A28B3E5611D6}.Debug|x64.ActiveCfg = Debug|x64
		{B56B7E17-153B-4B81-9DB7-A28B3E5611D6}.Debug|x64.Build.0 = Debug|x64
		{B56B7E17-153B-4B81-9DB7-A28B3E5611D6}.Debug|x64.Deploy.0 = Debug|x64
		{B56B7E17-153B-4B81-9DB7-A28B3E5611D6}.Debug|x86.ActiveCfg = Debug|Win32
		{B56B7E17-153B-4B81-9DB7-A28B3E5611D6}.Debug|x86.Build.0 = Debug|Win32
		{B56B7E17-153B-4B81-9DB7-A28B3E5611D6}.Debug|x86.Deploy.0 = Debug|Win32
		{B56B7E17-153B-4B81-9DB7-A28B3E5611D6}.Release|Any CPU.ActiveCfg = Release|Win32
		{B56B7E17-153B-4B81-9DB7-A28B3E5611D6}.Release|Win32.ActiveCfg = Release|Win32
		{B56B7E17-153B-4B81-9DB7-A28B3E5611D6}.Release|Win32.Build.0 = Release|Win32
		{B56B7E17-153B-4B81-9DB7-A28B3E5611D6}.Release|Win32.Deploy.0 = Release|Win32
		{B56B7E17-153B-4B81-9DB7-A28B3E5611D6}.Release|x64.ActiveCfg = Release|x64
		{B56B7E17-153B-4B81-9DB7-A28B3E5611D6}.Release|x64.Build.0 = Release|x64
		{B56B7E17-153B-4B81-9DB7-A28B3E5611D6}.Release|x64.Deploy.0 = Release|x64
		{B56B7E17-153B-4B81-9DB7-A28B3E5611D6}.Release|x86.ActiveCfg = Release|Win32
		{B56B7E17-153B-4B81-9DB7-A28B3E5611D6}.Release|x86.Build.0 = Release|Win32
		{B56B7E17-153B-4B81-9DB7-A28B3E5611D6}.Release|x86.Deploy.0 = Release|Win32
		{28B5550D-628E-4755-AFA6-32A9F04951F9}.Debug|Any CPU.ActiveCfg = Debug|Win32
		{28B5550D-628E-4755-AFA6-32A9F04951F9}.Debug|Win32.ActiveCfg = Debug|Win32
		{28B5550D-628E-4755-AFA6-32A9F04951F9}.Debug|Win32.Build.0 = Debug|Win32
		{28B5550D-628E-4755-AFA6-32A9F04951F9}.Debug|Win32.Deploy.0 = Debug|Win32
		{28B5550D-628E-4755-AFA6-32A9F04951F9}.Debug|x64.ActiveCfg = Debug|x64
		{28B5550D-628E-4755-AFA6-32A9F04951F9}.Debug|x64.Build.0 = Debug|x64
		{28B5550D-628E-4755-AFA6-32A9F04951F9}.Debug|x64.Deploy.0 = Debug|x64
		{28B5550D-628E-4755-AFA6-32A9F04951F9}.Debug|x86.ActiveCfg = Debug|Win32
		{28B5550D-628E-4755-AFA6-32A9F04951F9}.Debug|x86.Build.0 = Debug|Win32
		{28B5550D-628E-4755-AFA6-32A9F04951F9}.Debug|x86.Deploy.0 = Debug|Win32
		{28B5550D-628E-4755-AFA6-32A9F04951F9}.Release|Any CPU.ActiveCfg = Release|Win32
		{28B5550D-628E-4755-AFA6-32A9F04951F9}.Release|Win32.ActiveCfg = Release|Win32
		{28B5550D-628E-4755-AFA6-32A9F04951F9}.Release|Win32.Build.0 = Release|Win32
		{28B5550D-628E-4755-AFA6-32A9F04951F9}.Release|Win32.Deploy.0 = Release|Win32
		{28B5550D-628E-4755-AFA6-32A9F04951F9}.Release|x64.ActiveCfg = Release|x64
		{28B5550D-628E-4755-AFA6-32A9F04951F9}.Release|x64.Build.0 = Release|x64
		{28B5550D-628E-4755-AFA6-32A9F04951F9}.Release|x64.Deploy.0 = Release|x64
		{28B5550D-628E-4755-AFA6-32A9F04951F9}.Release|x86.ActiveCfg = Release|Win32
		{28B5550D-628E-4755-AFA6-32A9F04951F9}.Release|x86.Build.0 = Release|Win32
		{28B5550D-628E-4755-AFA6-32A9F04951F9}.Release|x86.Deploy.0 = Release|Win32
		{ED270924-47CB-4D77-88C3-3F89CADC3491}.Debug|Any CPU.ActiveCfg = Debug|Any CPU
		{ED270924-47CB-4D77-88C3-3F89CADC3491}.Debug|Any CPU.Build.0 = Debug|Any CPU
		{ED270924-47CB-4D77-88C3-3F89CADC3491}.Debug|Win32.ActiveCfg = Debug|Any CPU
		{ED270924-47CB-4D77-88C3-3F89CADC3491}.Debug|x64.ActiveCfg = Debug|x64
		{ED270924-47CB-4D77-88C3-3F89CADC3491}.Debug|x64.Build.0 = Debug|x64
		{ED270924-47CB-4D77-88C3-3F89CADC3491}.Debug|x86.ActiveCfg = Debug|Any CPU
		{ED270924-47CB-4D77-88C3-3F89CADC3491}.Release|Any CPU.ActiveCfg = Release|Any CPU
		{ED270924-47CB-4D77-88C3-3F89CADC3491}.Release|Any CPU.Build.0 = Release|Any CPU
		{ED270924-47CB-4D77-88C3-3F89CADC3491}.Release|Win32.ActiveCfg = Release|Any CPU
		{ED270924-47CB-4D77-88C3-3F89CADC3491}.Release|x64.ActiveCfg = Release|x64
		{ED270924-47CB-4D77-88C3-3F89CADC3491}.Release|x64.Build.0 = Release|x64
		{ED270924-47CB-4D77-88C3-3F89CADC3491}.Release|x86.ActiveCfg = Release|Any CPU
		{2C472D70-DA70-47D7-BBD4-AF591FAE0D1D}.Debug|Any CPU.ActiveCfg = Debug|Any CPU
		{2C472D70-DA70-47D7-BBD4-AF591FAE0D1D}.Debug|Any CPU.Build.0 = Debug|Any CPU
		{2C472D70-DA70-47D7-BBD4-AF591FAE0D1D}.Debug|Win32.ActiveCfg = Debug|Any CPU
		{2C472D70-DA70-47D7-BBD4-AF591FAE0D1D}.Debug|x64.ActiveCfg = Debug|x64
		{2C472D70-DA70-47D7-BBD4-AF591FAE0D1D}.Debug|x64.Build.0 = Debug|x64
		{2C472D70-DA70-47D7-BBD4-AF591FAE0D1D}.Debug|x86.ActiveCfg = Debug|Any CPU
		{2C472D70-DA70-47D7-BBD4-AF591FAE0D1D}.Release|Any CPU.ActiveCfg = Release|Any CPU
		{2C472D70-DA70-47D7-BBD4-AF591FAE0D1D}.Release|Any CPU.Build.0 = Release|Any CPU
		{2C472D70-DA70-47D7-BBD4-AF591FAE0D1D}.Release|Win32.ActiveCfg = Release|Any CPU
		{2C472D70-DA70-47D7-BBD4-AF591FAE0D1D}.Release|x64.ActiveCfg = Release|x64
		{2C472D70-DA70-47D7-BBD4-AF591FAE0D1D}.Release|x64.Build.0 = Release|x64
		{2C472D70-DA70-47D7-BBD4-AF591FAE0D1D}.Release|x86.ActiveCfg = Release|Any CPU
		{21C84849-D02E-41C1-83AF-78B41CEE67EE}.Debug|Any CPU.ActiveCfg = Debug|Any CPU
		{21C84849-D02E-41C1-83AF-78B41CEE67EE}.Debug|Any CPU.Build.0 = Debug|Any CPU
		{21C84849-D02E-41C1-83AF-78B41CEE67EE}.Debug|Win32.ActiveCfg = Debug|Any CPU
		{21C84849-D02E-41C1-83AF-78B41CEE67EE}.Debug|x64.ActiveCfg = Debug|x64
		{21C84849-D02E-41C1-83AF-78B41CEE67EE}.Debug|x64.Build.0 = Debug|x64
		{21C84849-D02E-41C1-83AF-78B41CEE67EE}.Debug|x86.ActiveCfg = Debug|Any CPU
		{21C84849-D02E-41C1-83AF-78B41CEE67EE}.Release|Any CPU.ActiveCfg = Release|Any CPU
		{21C84849-D02E-41C1-83AF-78B41CEE67EE}.Release|Any CPU.Build.0 = Release|Any CPU
		{21C84849-D02E-41C1-83AF-78B41CEE67EE}.Release|Win32.ActiveCfg = Release|Any CPU
		{21C84849-D02E-41C1-83AF-78B41CEE67EE}.Release|x64.ActiveCfg = Release|x64
		{21C84849-D02E-41C1-83AF-78B41CEE67EE}.Release|x64.Build.0 = Release|x64
		{21C84849-D02E-41C1-83AF-78B41CEE67EE}.Release|x86.ActiveCfg = Release|Any CPU
		{486539FC-40C1-4E58-BA64-332DBC576AC6}.Debug|Any CPU.ActiveCfg = Debug|Any CPU
		{486539FC-40C1-4E58-BA64-332DBC576AC6}.Debug|Any CPU.Build.0 = Debug|Any CPU
		{486539FC-40C1-4E58-BA64-332DBC576AC6}.Debug|Win32.ActiveCfg = Debug|Any CPU
		{486539FC-40C1-4E58-BA64-332DBC576AC6}.Debug|Win32.Build.0 = Debug|Any CPU
		{486539FC-40C1-4E58-BA64-332DBC576AC6}.Debug|x64.ActiveCfg = Debug|x64
		{486539FC-40C1-4E58-BA64-332DBC576AC6}.Debug|x64.Build.0 = Debug|x64
		{486539FC-40C1-4E58-BA64-332DBC576AC6}.Debug|x86.ActiveCfg = Debug|Any CPU
		{486539FC-40C1-4E58-BA64-332DBC576AC6}.Debug|x86.Build.0 = Debug|Any CPU
		{486539FC-40C1-4E58-BA64-332DBC576AC6}.Release|Any CPU.ActiveCfg = Release|Any CPU
		{486539FC-40C1-4E58-BA64-332DBC576AC6}.Release|Any CPU.Build.0 = Release|Any CPU
		{486539FC-40C1-4E58-BA64-332DBC576AC6}.Release|Win32.ActiveCfg = Release|Any CPU
		{486539FC-40C1-4E58-BA64-332DBC576AC6}.Release|Win32.Build.0 = Release|Any CPU
		{486539FC-40C1-4E58-BA64-332DBC576AC6}.Release|x64.ActiveCfg = Release|x64
		{486539FC-40C1-4E58-BA64-332DBC576AC6}.Release|x64.Build.0 = Release|x64
		{486539FC-40C1-4E58-BA64-332DBC576AC6}.Release|x86.ActiveCfg = Release|Any CPU
		{486539FC-40C1-4E58-BA64-332DBC576AC6}.Release|x86.Build.0 = Release|Any CPU
		{7B154126-5869-4ED9-B7D7-C75E720262EF}.Debug|Any CPU.ActiveCfg = Debug|Win32
		{7B154126-5869-4ED9-B7D7-C75E720262EF}.Debug|Win32.ActiveCfg = Debug|Win32
		{7B154126-5869-4ED9-B7D7-C75E720262EF}.Debug|Win32.Build.0 = Debug|Win32
		{7B154126-5869-4ED9-B7D7-C75E720262EF}.Debug|Win32.Deploy.0 = Debug|Win32
		{7B154126-5869-4ED9-B7D7-C75E720262EF}.Debug|x64.ActiveCfg = Debug|x64
		{7B154126-5869-4ED9-B7D7-C75E720262EF}.Debug|x64.Build.0 = Debug|x64
		{7B154126-5869-4ED9-B7D7-C75E720262EF}.Debug|x64.Deploy.0 = Debug|x64
		{7B154126-5869-4ED9-B7D7-C75E720262EF}.Debug|x86.ActiveCfg = Debug|Win32
		{7B154126-5869-4ED9-B7D7-C75E720262EF}.Debug|x86.Build.0 = Debug|Win32
		{7B154126-5869-4ED9-B7D7-C75E720262EF}.Debug|x86.Deploy.0 = Debug|Win32
		{7B154126-5869-4ED9-B7D7-C75E720262EF}.Release|Any CPU.ActiveCfg = Release|Win32
		{7B154126-5869-4ED9-B7D7-C75E720262EF}.Release|Win32.ActiveCfg = Release|Win32
		{7B154126-5869-4ED9-B7D7-C75E720262EF}.Release|Win32.Build.0 = Release|Win32
		{7B154126-5869-4ED9-B7D7-C75E720262EF}.Release|Win32.Deploy.0 = Release|Win32
		{7B154126-5869-4ED9-B7D7-C75E720262EF}.Release|x64.ActiveCfg = Release|x64
		{7B154126-5869-4ED9-B7D7-C75E720262EF}.Release|x64.Build.0 = Release|x64
		{7B154126-5869-4ED9-B7D7-C75E720262EF}.Release|x64.Deploy.0 = Release|x64
		{7B154126-5869-4ED9-B7D7-C75E720262EF}.Release|x86.ActiveCfg = Release|Win32
		{7B154126-5869-4ED9-B7D7-C75E720262EF}.Release|x86.Build.0 = Release|Win32
		{7B154126-5869-4ED9-B7D7-C75E720262EF}.Release|x86.Deploy.0 = Release|Win32
		{CF5F8616-EA2B-4AC9-A514-E46CD6C5595E}.Debug|Any CPU.ActiveCfg = Debug|Any CPU
		{CF5F8616-EA2B-4AC9-A514-E46CD6C5595E}.Debug|Any CPU.Build.0 = Debug|Any CPU
		{CF5F8616-EA2B-4AC9-A514-E46CD6C5595E}.Debug|Win32.ActiveCfg = Debug|Any CPU
		{CF5F8616-EA2B-4AC9-A514-E46CD6C5595E}.Debug|Win32.Build.0 = Debug|Any CPU
		{CF5F8616-EA2B-4AC9-A514-E46CD6C5595E}.Debug|x64.ActiveCfg = Debug|x64
		{CF5F8616-EA2B-4AC9-A514-E46CD6C5595E}.Debug|x64.Build.0 = Debug|x64
		{CF5F8616-EA2B-4AC9-A514-E46CD6C5595E}.Debug|x86.ActiveCfg = Debug|Any CPU
		{CF5F8616-EA2B-4AC9-A514-E46CD6C5595E}.Debug|x86.Build.0 = Debug|Any CPU
		{CF5F8616-EA2B-4AC9-A514-E46CD6C5595E}.Release|Any CPU.ActiveCfg = Release|Any CPU
		{CF5F8616-EA2B-4AC9-A514-E46CD6C5595E}.Release|Any CPU.Build.0 = Release|Any CPU
		{CF5F8616-EA2B-4AC9-A514-E46CD6C5595E}.Release|Win32.ActiveCfg = Release|Any CPU
		{CF5F8616-EA2B-4AC9-A514-E46CD6C5595E}.Release|Win32.Build.0 = Release|Any CPU
		{CF5F8616-EA2B-4AC9-A514-E46CD6C5595E}.Release|x64.ActiveCfg = Release|x64
		{CF5F8616-EA2B-4AC9-A514-E46CD6C5595E}.Release|x64.Build.0 = Release|x64
		{CF5F8616-EA2B-4AC9-A514-E46CD6C5595E}.Release|x86.ActiveCfg = Release|Any CPU
		{CF5F8616-EA2B-4AC9-A514-E46CD6C5595E}.Release|x86.Build.0 = Release|Any CPU
		{B2A224AD-1B7F-47F6-82F0-21D365058DF6}.Debug|Any CPU.ActiveCfg = Debug|Win32
		{B2A224AD-1B7F-47F6-82F0-21D365058DF6}.Debug|Win32.ActiveCfg = Debug|Win32
		{B2A224AD-1B7F-47F6-82F0-21D365058DF6}.Debug|Win32.Build.0 = Debug|Win32
		{B2A224AD-1B7F-47F6-82F0-21D365058DF6}.Debug|Win32.Deploy.0 = Debug|Win32
		{B2A224AD-1B7F-47F6-82F0-21D365058DF6}.Debug|x64.ActiveCfg = Debug|x64
		{B2A224AD-1B7F-47F6-82F0-21D365058DF6}.Debug|x64.Build.0 = Debug|x64
		{B2A224AD-1B7F-47F6-82F0-21D365058DF6}.Debug|x64.Deploy.0 = Debug|x64
		{B2A224AD-1B7F-47F6-82F0-21D365058DF6}.Debug|x86.ActiveCfg = Debug|Win32
		{B2A224AD-1B7F-47F6-82F0-21D365058DF6}.Debug|x86.Build.0 = Debug|Win32
		{B2A224AD-1B7F-47F6-82F0-21D365058DF6}.Debug|x86.Deploy.0 = Debug|Win32
		{B2A224AD-1B7F-47F6-82F0-21D365058DF6}.Release|Any CPU.ActiveCfg = Release|Win32
		{B2A224AD-1B7F-47F6-82F0-21D365058DF6}.Release|Win32.ActiveCfg = Release|Win32
		{B2A224AD-1B7F-47F6-82F0-21D365058DF6}.Release|Win32.Build.0 = Release|Win32
		{B2A224AD-1B7F-47F6-82F0-21D365058DF6}.Release|Win32.Deploy.0 = Release|Win32
		{B2A224AD-1B7F-47F6-82F0-21D365058DF6}.Release|x64.ActiveCfg = Release|x64
		{B2A224AD-1B7F-47F6-82F0-21D365058DF6}.Release|x64.Build.0 = Release|x64
		{B2A224AD-1B7F-47F6-82F0-21D365058DF6}.Release|x64.Deploy.0 = Release|x64
		{B2A224AD-1B7F-47F6-82F0-21D365058DF6}.Release|x86.ActiveCfg = Release|Win32
		{B2A224AD-1B7F-47F6-82F0-21D365058DF6}.Release|x86.Build.0 = Release|Win32
		{B2A224AD-1B7F-47F6-82F0-21D365058DF6}.Release|x86.Deploy.0 = Release|Win32
		{EB450513-1B40-4E1F-9D8B-25266DC31EFB}.Debug|Any CPU.ActiveCfg = Debug|Win32
		{EB450513-1B40-4E1F-9D8B-25266DC31EFB}.Debug|Win32.ActiveCfg = Debug|Win32
		{EB450513-1B40-4E1F-9D8B-25266DC31EFB}.Debug|Win32.Build.0 = Debug|Win32
		{EB450513-1B40-4E1F-9D8B-25266DC31EFB}.Debug|Win32.Deploy.0 = Debug|Win32
		{EB450513-1B40-4E1F-9D8B-25266DC31EFB}.Debug|x64.ActiveCfg = Debug|x64
		{EB450513-1B40-4E1F-9D8B-25266DC31EFB}.Debug|x64.Build.0 = Debug|x64
		{EB450513-1B40-4E1F-9D8B-25266DC31EFB}.Debug|x64.Deploy.0 = Debug|x64
		{EB450513-1B40-4E1F-9D8B-25266DC31EFB}.Debug|x86.ActiveCfg = Debug|Win32
		{EB450513-1B40-4E1F-9D8B-25266DC31EFB}.Debug|x86.Build.0 = Debug|Win32
		{EB450513-1B40-4E1F-9D8B-25266DC31EFB}.Debug|x86.Deploy.0 = Debug|Win32
		{EB450513-1B40-4E1F-9D8B-25266DC31EFB}.Release|Any CPU.ActiveCfg = Release|Win32
		{EB450513-1B40-4E1F-9D8B-25266DC31EFB}.Release|Win32.ActiveCfg = Release|Win32
		{EB450513-1B40-4E1F-9D8B-25266DC31EFB}.Release|Win32.Build.0 = Release|Win32
		{EB450513-1B40-4E1F-9D8B-25266DC31EFB}.Release|Win32.Deploy.0 = Release|Win32
		{EB450513-1B40-4E1F-9D8B-25266DC31EFB}.Release|x64.ActiveCfg = Release|x64
		{EB450513-1B40-4E1F-9D8B-25266DC31EFB}.Release|x64.Build.0 = Release|x64
		{EB450513-1B40-4E1F-9D8B-25266DC31EFB}.Release|x64.Deploy.0 = Release|x64
		{EB450513-1B40-4E1F-9D8B-25266DC31EFB}.Release|x86.ActiveCfg = Release|Win32
		{EB450513-1B40-4E1F-9D8B-25266DC31EFB}.Release|x86.Build.0 = Release|Win32
		{EB450513-1B40-4E1F-9D8B-25266DC31EFB}.Release|x86.Deploy.0 = Release|Win32
	EndGlobalSection
	GlobalSection(SolutionProperties) = preSolution
		HideSolutionNode = FALSE
	EndGlobalSection
	GlobalSection(NestedProjects) = preSolution
		{22E07146-0F97-4E37-B951-7B15C57C1422} = {71F7CBA6-6F85-41D9-BADB-11E494D400E7}
		{362FA157-EFDA-4492-9432-CE30D059D72E} = {71F7CBA6-6F85-41D9-BADB-11E494D400E7}
		{502DD1B0-F2F6-4380-8685-66A3836AFE67} = {22E07146-0F97-4E37-B951-7B15C57C1422}
		{B5D83396-B7A2-4EFB-B407-916FB3FC15C5} = {22E07146-0F97-4E37-B951-7B15C57C1422}
		{34AF0BC8-45A3-41A2-B375-7C6F747AACB0} = {22E07146-0F97-4E37-B951-7B15C57C1422}
		{E143BABC-CD22-4C3D-9F9E-F5F7442371E7} = {22E07146-0F97-4E37-B951-7B15C57C1422}
		{819AF165-55C7-45FD-AB2F-87C5784A6F58} = {22E07146-0F97-4E37-B951-7B15C57C1422}
		{C8C7074D-ABB7-44B0-8D4B-B18CD38B94FF} = {22E07146-0F97-4E37-B951-7B15C57C1422}
		{A13E1BE0-5D6E-499D-BE3E-5A9AC17778F0} = {22E07146-0F97-4E37-B951-7B15C57C1422}
		{B92D2B00-A8DC-4413-B4B6-1E67EB203163} = {362FA157-EFDA-4492-9432-CE30D059D72E}
		{B56B7E17-153B-4B81-9DB7-A28B3E5611D6} = {362FA157-EFDA-4492-9432-CE30D059D72E}
		{28B5550D-628E-4755-AFA6-32A9F04951F9} = {362FA157-EFDA-4492-9432-CE30D059D72E}
		{ED270924-47CB-4D77-88C3-3F89CADC3491} = {362FA157-EFDA-4492-9432-CE30D059D72E}
		{2C472D70-DA70-47D7-BBD4-AF591FAE0D1D} = {362FA157-EFDA-4492-9432-CE30D059D72E}
		{21C84849-D02E-41C1-83AF-78B41CEE67EE} = {362FA157-EFDA-4492-9432-CE30D059D72E}
		{486539FC-40C1-4E58-BA64-332DBC576AC6} = {362FA157-EFDA-4492-9432-CE30D059D72E}
		{7B154126-5869-4ED9-B7D7-C75E720262EF} = {22E07146-0F97-4E37-B951-7B15C57C1422}
		{CF5F8616-EA2B-4AC9-A514-E46CD6C5595E} = {362FA157-EFDA-4492-9432-CE30D059D72E}
		{B2A224AD-1B7F-47F6-82F0-21D365058DF6} = {362FA157-EFDA-4492-9432-CE30D059D72E}
		{EB450513-1B40-4E1F-9D8B-25266DC31EFB} = {362FA157-EFDA-4492-9432-CE30D059D72E}
	EndGlobalSection
EndGlobal
