
Microsoft Visual Studio Solution File, Format Version 12.00
# Visual Studio 2012
Project("{2150E333-8FDC-42A3-9474-1A3956D46DE8}") = "vx", "vx", "{855CC29C-2417-4FEC-BF0B-D18677F9E5B9}"
EndProject
Project("{8BC9CEB8-8B4A-11D0-8D11-00A0C91BC942}") = "vxBase", "..\..\..\Core\src\vx\vxBase\vxBase.vcxproj", "{502DD1B0-F2F6-4380-8685-66A3836AFE67}"
	ProjectSection(ProjectDependencies) = postProject
		{819AF165-55C7-45FD-AB2F-87C5784A6F58} = {819AF165-55C7-45FD-AB2F-87C5784A6F58}
	EndProjectSection
EndProject
Project("{8BC9CEB8-8B4A-11D0-8D11-00A0C91BC942}") = "vxBlockVolume", "..\..\..\Core\src\vx\vxBlockVolume\vxBlockVolume.vcxproj", "{B5D83396-B7A2-4EFB-B407-916FB3FC15C5}"
	ProjectSection(ProjectDependencies) = postProject
		{819AF165-55C7-45FD-AB2F-87C5784A6F58} = {819AF165-55C7-45FD-AB2F-87C5784A6F58}
		{502DD1B0-F2F6-4380-8685-66A3836AFE67} = {502DD1B0-F2F6-4380-8685-66A3836AFE67}
	EndProjectSection
EndProject
Project("{8BC9CEB8-8B4A-11D0-8D11-00A0C91BC942}") = "vxCAD", "..\..\..\Core\src\vx\vxCAD\vxCAD.vcxproj", "{5DFF3BE6-6A30-4AB6-AA54-2FDF69694EA3}"
	ProjectSection(ProjectDependencies) = postProject
		{819AF165-55C7-45FD-AB2F-87C5784A6F58} = {819AF165-55C7-45FD-AB2F-87C5784A6F58}
	EndProjectSection
EndProject
Project("{8BC9CEB8-8B4A-11D0-8D11-00A0C91BC942}") = "vxDicom", "..\..\..\Core\src\vx\vxDicom\vxDicom.vcxproj", "{E143BABC-CD22-4C3D-9F9E-F5F7442371E7}"
	ProjectSection(ProjectDependencies) = postProject
		{819AF165-55C7-45FD-AB2F-87C5784A6F58} = {819AF165-55C7-45FD-AB2F-87C5784A6F58}
	EndProjectSection
EndProject
Project("{8BC9CEB8-8B4A-11D0-8D11-00A0C91BC942}") = "vxLogger", "..\..\..\Core\src\vx\vxLogger\vxLogger.vcxproj", "{819AF165-55C7-45FD-AB2F-87C5784A6F58}"
EndProject
Project("{8BC9CEB8-8B4A-11D0-8D11-00A0C91BC942}") = "vxPacs", "..\..\..\Core\src\vx\vxPacs\vxPacs.vcxproj", "{C8C7074D-ABB7-44B0-8D4B-B18CD38B94FF}"
	ProjectSection(ProjectDependencies) = postProject
		{819AF165-55C7-45FD-AB2F-87C5784A6F58} = {819AF165-55C7-45FD-AB2F-87C5784A6F58}
		{E143BABC-CD22-4C3D-9F9E-F5F7442371E7} = {E143BABC-CD22-4C3D-9F9E-F5F7442371E7}
	EndProjectSection
EndProject
Project("{8BC9CEB8-8B4A-11D0-8D11-00A0C91BC942}") = "vxPdf", "..\..\..\Core\src\vx\vxPdf\vxPdf.vcxproj", "{A13E1BE0-5D6E-499D-BE3E-5A9AC17778F0}"
	ProjectSection(ProjectDependencies) = postProject
		{819AF165-55C7-45FD-AB2F-87C5784A6F58} = {819AF165-55C7-45FD-AB2F-87C5784A6F58}
	EndProjectSection
EndProject
Project("{2150E333-8FDC-42A3-9474-1A3956D46DE8}") = "Core", "Core", "{2793BC81-AC49-4731-A531-76A8C41373F8}"
EndProject
Project("{8BC9CEB8-8B4A-11D0-8D11-00A0C91BC942}") = "Viatronix.v3D.Processor.Plugins.Colon", "..\..\src\Viatronix.v3D.Processor.Plugins.Colon\Viatronix.v3D.Processor.Plugins.Colon.vcxproj", "{1EA0774C-5AF3-4B3A-BE12-02A655AC58C9}"
	ProjectSection(ProjectDependencies) = postProject
		{A89EE22F-D131-4E98-A2AC-6483AEF8E3C0} = {A89EE22F-D131-4E98-A2AC-6483AEF8E3C0}
		{C8C7074D-ABB7-44B0-8D4B-B18CD38B94FF} = {C8C7074D-ABB7-44B0-8D4B-B18CD38B94FF}
		{819AF165-55C7-45FD-AB2F-87C5784A6F58} = {819AF165-55C7-45FD-AB2F-87C5784A6F58}
		{B5D83396-B7A2-4EFB-B407-916FB3FC15C5} = {B5D83396-B7A2-4EFB-B407-916FB3FC15C5}
		{502DD1B0-F2F6-4380-8685-66A3836AFE67} = {502DD1B0-F2F6-4380-8685-66A3836AFE67}
		{E143BABC-CD22-4C3D-9F9E-F5F7442371E7} = {E143BABC-CD22-4C3D-9F9E-F5F7442371E7}
		{75C0A8DA-8B02-43B1-9A33-81831CEF43A3} = {75C0A8DA-8B02-43B1-9A33-81831CEF43A3}
		{A13E1BE0-5D6E-499D-BE3E-5A9AC17778F0} = {A13E1BE0-5D6E-499D-BE3E-5A9AC17778F0}
		{5DFF3BE6-6A30-4AB6-AA54-2FDF69694EA3} = {5DFF3BE6-6A30-4AB6-AA54-2FDF69694EA3}
	EndProjectSection
EndProject
Project("{2150E333-8FDC-42A3-9474-1A3956D46DE8}") = "v3d", "v3d", "{B2344015-A973-461A-89B3-E4D2AC3FEA3A}"
EndProject
Project("{8BC9CEB8-8B4A-11D0-8D11-00A0C91BC942}") = "Viatronix.Logging", "..\..\..\Core\src\v3d\Viatronix.Logging\Viatronix.Logging.vcxproj", "{EB450513-1B40-4E1F-9D8B-25266DC31EFB}"
	ProjectSection(ProjectDependencies) = postProject
		{819AF165-55C7-45FD-AB2F-87C5784A6F58} = {819AF165-55C7-45FD-AB2F-87C5784A6F58}
	EndProjectSection
EndProject
Project("{8BC9CEB8-8B4A-11D0-8D11-00A0C91BC942}") = "vxColon", "..\..\src\vxColon\vxColon.vcxproj", "{75C0A8DA-8B02-43B1-9A33-81831CEF43A3}"
	ProjectSection(ProjectDependencies) = postProject
		{A89EE22F-D131-4E98-A2AC-6483AEF8E3C0} = {A89EE22F-D131-4E98-A2AC-6483AEF8E3C0}
		{819AF165-55C7-45FD-AB2F-87C5784A6F58} = {819AF165-55C7-45FD-AB2F-87C5784A6F58}
		{502DD1B0-F2F6-4380-8685-66A3836AFE67} = {502DD1B0-F2F6-4380-8685-66A3836AFE67}
		{5DFF3BE6-6A30-4AB6-AA54-2FDF69694EA3} = {5DFF3BE6-6A30-4AB6-AA54-2FDF69694EA3}
	EndProjectSection
EndProject
Project("{8BC9CEB8-8B4A-11D0-8D11-00A0C91BC942}") = "vxViewer", "..\..\..\Core\src\vx\vxViewer\vxViewer.vcxproj", "{A89EE22F-D131-4E98-A2AC-6483AEF8E3C0}"
	ProjectSection(ProjectDependencies) = postProject
		{819AF165-55C7-45FD-AB2F-87C5784A6F58} = {819AF165-55C7-45FD-AB2F-87C5784A6F58}
		{502DD1B0-F2F6-4380-8685-66A3836AFE67} = {502DD1B0-F2F6-4380-8685-66A3836AFE67}
	EndProjectSection
EndProject
Global
	GlobalSection(SolutionConfigurationPlatforms) = preSolution
		Debug|Any CPU = Debug|Any CPU
		Debug|Win32 = Debug|Win32
		Debug|x64 = Debug|x64
		Debug-Release|Any CPU = Debug-Release|Any CPU
		Debug-Release|Win32 = Debug-Release|Win32
		Debug-Release|x64 = Debug-Release|x64
		Release|Any CPU = Release|Any CPU
		Release|Win32 = Release|Win32
		Release|x64 = Release|x64
	EndGlobalSection
	GlobalSection(ProjectConfigurationPlatforms) = postSolution
		{502DD1B0-F2F6-4380-8685-66A3836AFE67}.Debug|Any CPU.ActiveCfg = Debug|Win32
		{502DD1B0-F2F6-4380-8685-66A3836AFE67}.Debug|Win32.ActiveCfg = Debug|Win32
		{502DD1B0-F2F6-4380-8685-66A3836AFE67}.Debug|Win32.Build.0 = Debug|Win32
		{502DD1B0-F2F6-4380-8685-66A3836AFE67}.Debug|Win32.Deploy.0 = Debug|Win32
		{502DD1B0-F2F6-4380-8685-66A3836AFE67}.Debug|x64.ActiveCfg = Debug|x64
		{502DD1B0-F2F6-4380-8685-66A3836AFE67}.Debug|x64.Build.0 = Debug|x64
		{502DD1B0-F2F6-4380-8685-66A3836AFE67}.Debug|x64.Deploy.0 = Debug|x64
		{502DD1B0-F2F6-4380-8685-66A3836AFE67}.Debug-Release|Any CPU.ActiveCfg = Release|Win32
		{502DD1B0-F2F6-4380-8685-66A3836AFE67}.Debug-Release|Win32.ActiveCfg = Release|Win32
		{502DD1B0-F2F6-4380-8685-66A3836AFE67}.Debug-Release|Win32.Build.0 = Release|Win32
		{502DD1B0-F2F6-4380-8685-66A3836AFE67}.Debug-Release|Win32.Deploy.0 = Release|Win32
		{502DD1B0-F2F6-4380-8685-66A3836AFE67}.Debug-Release|x64.ActiveCfg = Release|x64
		{502DD1B0-F2F6-4380-8685-66A3836AFE67}.Debug-Release|x64.Build.0 = Release|x64
		{502DD1B0-F2F6-4380-8685-66A3836AFE67}.Debug-Release|x64.Deploy.0 = Release|x64
		{502DD1B0-F2F6-4380-8685-66A3836AFE67}.Release|Any CPU.ActiveCfg = Release|Win32
		{502DD1B0-F2F6-4380-8685-66A3836AFE67}.Release|Win32.ActiveCfg = Release|Win32
		{502DD1B0-F2F6-4380-8685-66A3836AFE67}.Release|Win32.Build.0 = Release|Win32
		{502DD1B0-F2F6-4380-8685-66A3836AFE67}.Release|Win32.Deploy.0 = Release|Win32
		{502DD1B0-F2F6-4380-8685-66A3836AFE67}.Release|x64.ActiveCfg = Release|x64
		{502DD1B0-F2F6-4380-8685-66A3836AFE67}.Release|x64.Build.0 = Release|x64
		{502DD1B0-F2F6-4380-8685-66A3836AFE67}.Release|x64.Deploy.0 = Release|x64
		{B5D83396-B7A2-4EFB-B407-916FB3FC15C5}.Debug|Any CPU.ActiveCfg = Debug|Win32
		{B5D83396-B7A2-4EFB-B407-916FB3FC15C5}.Debug|Win32.ActiveCfg = Debug|Win32
		{B5D83396-B7A2-4EFB-B407-916FB3FC15C5}.Debug|Win32.Build.0 = Debug|Win32
		{B5D83396-B7A2-4EFB-B407-916FB3FC15C5}.Debug|Win32.Deploy.0 = Debug|Win32
		{B5D83396-B7A2-4EFB-B407-916FB3FC15C5}.Debug|x64.ActiveCfg = Debug|x64
		{B5D83396-B7A2-4EFB-B407-916FB3FC15C5}.Debug|x64.Build.0 = Debug|x64
		{B5D83396-B7A2-4EFB-B407-916FB3FC15C5}.Debug|x64.Deploy.0 = Debug|x64
		{B5D83396-B7A2-4EFB-B407-916FB3FC15C5}.Debug-Release|Any CPU.ActiveCfg = Release|Win32
		{B5D83396-B7A2-4EFB-B407-916FB3FC15C5}.Debug-Release|Win32.ActiveCfg = Release|Win32
		{B5D83396-B7A2-4EFB-B407-916FB3FC15C5}.Debug-Release|Win32.Build.0 = Release|Win32
		{B5D83396-B7A2-4EFB-B407-916FB3FC15C5}.Debug-Release|Win32.Deploy.0 = Release|Win32
		{B5D83396-B7A2-4EFB-B407-916FB3FC15C5}.Debug-Release|x64.ActiveCfg = Release|x64
		{B5D83396-B7A2-4EFB-B407-916FB3FC15C5}.Debug-Release|x64.Build.0 = Release|x64
		{B5D83396-B7A2-4EFB-B407-916FB3FC15C5}.Debug-Release|x64.Deploy.0 = Release|x64
		{B5D83396-B7A2-4EFB-B407-916FB3FC15C5}.Release|Any CPU.ActiveCfg = Release|Win32
		{B5D83396-B7A2-4EFB-B407-916FB3FC15C5}.Release|Win32.ActiveCfg = Release|Win32
		{B5D83396-B7A2-4EFB-B407-916FB3FC15C5}.Release|Win32.Build.0 = Release|Win32
		{B5D83396-B7A2-4EFB-B407-916FB3FC15C5}.Release|Win32.Deploy.0 = Release|Win32
		{B5D83396-B7A2-4EFB-B407-916FB3FC15C5}.Release|x64.ActiveCfg = Release|x64
		{B5D83396-B7A2-4EFB-B407-916FB3FC15C5}.Release|x64.Build.0 = Release|x64
		{B5D83396-B7A2-4EFB-B407-916FB3FC15C5}.Release|x64.Deploy.0 = Release|x64
		{5DFF3BE6-6A30-4AB6-AA54-2FDF69694EA3}.Debug|Any CPU.ActiveCfg = Debug|Win32
		{5DFF3BE6-6A30-4AB6-AA54-2FDF69694EA3}.Debug|Win32.ActiveCfg = Debug|Win32
		{5DFF3BE6-6A30-4AB6-AA54-2FDF69694EA3}.Debug|Win32.Build.0 = Debug|Win32
		{5DFF3BE6-6A30-4AB6-AA54-2FDF69694EA3}.Debug|Win32.Deploy.0 = Debug|Win32
		{5DFF3BE6-6A30-4AB6-AA54-2FDF69694EA3}.Debug|x64.ActiveCfg = Debug|x64
		{5DFF3BE6-6A30-4AB6-AA54-2FDF69694EA3}.Debug|x64.Build.0 = Debug|x64
		{5DFF3BE6-6A30-4AB6-AA54-2FDF69694EA3}.Debug|x64.Deploy.0 = Debug|x64
		{5DFF3BE6-6A30-4AB6-AA54-2FDF69694EA3}.Debug-Release|Any CPU.ActiveCfg = Release|Win32
		{5DFF3BE6-6A30-4AB6-AA54-2FDF69694EA3}.Debug-Release|Win32.ActiveCfg = Release|Win32
		{5DFF3BE6-6A30-4AB6-AA54-2FDF69694EA3}.Debug-Release|Win32.Build.0 = Release|Win32
		{5DFF3BE6-6A30-4AB6-AA54-2FDF69694EA3}.Debug-Release|Win32.Deploy.0 = Release|Win32
		{5DFF3BE6-6A30-4AB6-AA54-2FDF69694EA3}.Debug-Release|x64.ActiveCfg = Release|x64
		{5DFF3BE6-6A30-4AB6-AA54-2FDF69694EA3}.Debug-Release|x64.Build.0 = Release|x64
		{5DFF3BE6-6A30-4AB6-AA54-2FDF69694EA3}.Debug-Release|x64.Deploy.0 = Release|x64
		{5DFF3BE6-6A30-4AB6-AA54-2FDF69694EA3}.Release|Any CPU.ActiveCfg = Release|Win32
		{5DFF3BE6-6A30-4AB6-AA54-2FDF69694EA3}.Release|Win32.ActiveCfg = Release|Win32
		{5DFF3BE6-6A30-4AB6-AA54-2FDF69694EA3}.Release|Win32.Build.0 = Release|Win32
		{5DFF3BE6-6A30-4AB6-AA54-2FDF69694EA3}.Release|Win32.Deploy.0 = Release|Win32
		{5DFF3BE6-6A30-4AB6-AA54-2FDF69694EA3}.Release|x64.ActiveCfg = Release|x64
		{5DFF3BE6-6A30-4AB6-AA54-2FDF69694EA3}.Release|x64.Build.0 = Release|x64
		{5DFF3BE6-6A30-4AB6-AA54-2FDF69694EA3}.Release|x64.Deploy.0 = Release|x64
		{E143BABC-CD22-4C3D-9F9E-F5F7442371E7}.Debug|Any CPU.ActiveCfg = Debug|Win32
		{E143BABC-CD22-4C3D-9F9E-F5F7442371E7}.Debug|Win32.ActiveCfg = Debug|Win32
		{E143BABC-CD22-4C3D-9F9E-F5F7442371E7}.Debug|Win32.Build.0 = Debug|Win32
		{E143BABC-CD22-4C3D-9F9E-F5F7442371E7}.Debug|Win32.Deploy.0 = Debug|Win32
		{E143BABC-CD22-4C3D-9F9E-F5F7442371E7}.Debug|x64.ActiveCfg = Debug|x64
		{E143BABC-CD22-4C3D-9F9E-F5F7442371E7}.Debug|x64.Build.0 = Debug|x64
		{E143BABC-CD22-4C3D-9F9E-F5F7442371E7}.Debug|x64.Deploy.0 = Debug|x64
		{E143BABC-CD22-4C3D-9F9E-F5F7442371E7}.Debug-Release|Any CPU.ActiveCfg = Release|Win32
		{E143BABC-CD22-4C3D-9F9E-F5F7442371E7}.Debug-Release|Win32.ActiveCfg = Release|Win32
		{E143BABC-CD22-4C3D-9F9E-F5F7442371E7}.Debug-Release|Win32.Build.0 = Release|Win32
		{E143BABC-CD22-4C3D-9F9E-F5F7442371E7}.Debug-Release|Win32.Deploy.0 = Release|Win32
		{E143BABC-CD22-4C3D-9F9E-F5F7442371E7}.Debug-Release|x64.ActiveCfg = Release|x64
		{E143BABC-CD22-4C3D-9F9E-F5F7442371E7}.Debug-Release|x64.Build.0 = Release|x64
		{E143BABC-CD22-4C3D-9F9E-F5F7442371E7}.Debug-Release|x64.Deploy.0 = Release|x64
		{E143BABC-CD22-4C3D-9F9E-F5F7442371E7}.Release|Any CPU.ActiveCfg = Release|Win32
		{E143BABC-CD22-4C3D-9F9E-F5F7442371E7}.Release|Win32.ActiveCfg = Release|Win32
		{E143BABC-CD22-4C3D-9F9E-F5F7442371E7}.Release|Win32.Build.0 = Release|Win32
		{E143BABC-CD22-4C3D-9F9E-F5F7442371E7}.Release|Win32.Deploy.0 = Release|Win32
		{E143BABC-CD22-4C3D-9F9E-F5F7442371E7}.Release|x64.ActiveCfg = Release|x64
		{E143BABC-CD22-4C3D-9F9E-F5F7442371E7}.Release|x64.Build.0 = Release|x64
		{E143BABC-CD22-4C3D-9F9E-F5F7442371E7}.Release|x64.Deploy.0 = Release|x64
		{819AF165-55C7-45FD-AB2F-87C5784A6F58}.Debug|Any CPU.ActiveCfg = Debug|Win32
		{819AF165-55C7-45FD-AB2F-87C5784A6F58}.Debug|Win32.ActiveCfg = Debug|Win32
		{819AF165-55C7-45FD-AB2F-87C5784A6F58}.Debug|Win32.Build.0 = Debug|Win32
		{819AF165-55C7-45FD-AB2F-87C5784A6F58}.Debug|Win32.Deploy.0 = Debug|Win32
		{819AF165-55C7-45FD-AB2F-87C5784A6F58}.Debug|x64.ActiveCfg = Debug|x64
		{819AF165-55C7-45FD-AB2F-87C5784A6F58}.Debug|x64.Build.0 = Debug|x64
		{819AF165-55C7-45FD-AB2F-87C5784A6F58}.Debug|x64.Deploy.0 = Debug|x64
		{819AF165-55C7-45FD-AB2F-87C5784A6F58}.Debug-Release|Any CPU.ActiveCfg = Release|Win32
		{819AF165-55C7-45FD-AB2F-87C5784A6F58}.Debug-Release|Win32.ActiveCfg = Release|Win32
		{819AF165-55C7-45FD-AB2F-87C5784A6F58}.Debug-Release|Win32.Build.0 = Release|Win32
		{819AF165-55C7-45FD-AB2F-87C5784A6F58}.Debug-Release|Win32.Deploy.0 = Release|Win32
		{819AF165-55C7-45FD-AB2F-87C5784A6F58}.Debug-Release|x64.ActiveCfg = Release|x64
		{819AF165-55C7-45FD-AB2F-87C5784A6F58}.Debug-Release|x64.Build.0 = Release|x64
		{819AF165-55C7-45FD-AB2F-87C5784A6F58}.Debug-Release|x64.Deploy.0 = Release|x64
		{819AF165-55C7-45FD-AB2F-87C5784A6F58}.Release|Any CPU.ActiveCfg = Release|Win32
		{819AF165-55C7-45FD-AB2F-87C5784A6F58}.Release|Win32.ActiveCfg = Release|Win32
		{819AF165-55C7-45FD-AB2F-87C5784A6F58}.Release|Win32.Build.0 = Release|Win32
		{819AF165-55C7-45FD-AB2F-87C5784A6F58}.Release|Win32.Deploy.0 = Release|Win32
		{819AF165-55C7-45FD-AB2F-87C5784A6F58}.Release|x64.ActiveCfg = Release|x64
		{819AF165-55C7-45FD-AB2F-87C5784A6F58}.Release|x64.Build.0 = Release|x64
		{819AF165-55C7-45FD-AB2F-87C5784A6F58}.Release|x64.Deploy.0 = Release|x64
		{C8C7074D-ABB7-44B0-8D4B-B18CD38B94FF}.Debug|Any CPU.ActiveCfg = Debug|Win32
		{C8C7074D-ABB7-44B0-8D4B-B18CD38B94FF}.Debug|Win32.ActiveCfg = Debug|Win32
		{C8C7074D-ABB7-44B0-8D4B-B18CD38B94FF}.Debug|Win32.Build.0 = Debug|Win32
		{C8C7074D-ABB7-44B0-8D4B-B18CD38B94FF}.Debug|Win32.Deploy.0 = Debug|Win32
		{C8C7074D-ABB7-44B0-8D4B-B18CD38B94FF}.Debug|x64.ActiveCfg = Debug|x64
		{C8C7074D-ABB7-44B0-8D4B-B18CD38B94FF}.Debug|x64.Build.0 = Debug|x64
		{C8C7074D-ABB7-44B0-8D4B-B18CD38B94FF}.Debug|x64.Deploy.0 = Debug|x64
		{C8C7074D-ABB7-44B0-8D4B-B18CD38B94FF}.Debug-Release|Any CPU.ActiveCfg = Release|Win32
		{C8C7074D-ABB7-44B0-8D4B-B18CD38B94FF}.Debug-Release|Win32.ActiveCfg = Release|Win32
		{C8C7074D-ABB7-44B0-8D4B-B18CD38B94FF}.Debug-Release|Win32.Build.0 = Release|Win32
		{C8C7074D-ABB7-44B0-8D4B-B18CD38B94FF}.Debug-Release|Win32.Deploy.0 = Release|Win32
		{C8C7074D-ABB7-44B0-8D4B-B18CD38B94FF}.Debug-Release|x64.ActiveCfg = Release|x64
		{C8C7074D-ABB7-44B0-8D4B-B18CD38B94FF}.Debug-Release|x64.Build.0 = Release|x64
		{C8C7074D-ABB7-44B0-8D4B-B18CD38B94FF}.Debug-Release|x64.Deploy.0 = Release|x64
		{C8C7074D-ABB7-44B0-8D4B-B18CD38B94FF}.Release|Any CPU.ActiveCfg = Release|Win32
		{C8C7074D-ABB7-44B0-8D4B-B18CD38B94FF}.Release|Win32.ActiveCfg = Release|Win32
		{C8C7074D-ABB7-44B0-8D4B-B18CD38B94FF}.Release|Win32.Build.0 = Release|Win32
		{C8C7074D-ABB7-44B0-8D4B-B18CD38B94FF}.Release|Win32.Deploy.0 = Release|Win32
		{C8C7074D-ABB7-44B0-8D4B-B18CD38B94FF}.Release|x64.ActiveCfg = Release|x64
		{C8C7074D-ABB7-44B0-8D4B-B18CD38B94FF}.Release|x64.Build.0 = Release|x64
		{C8C7074D-ABB7-44B0-8D4B-B18CD38B94FF}.Release|x64.Deploy.0 = Release|x64
		{A13E1BE0-5D6E-499D-BE3E-5A9AC17778F0}.Debug|Any CPU.ActiveCfg = Debug|Win32
		{A13E1BE0-5D6E-499D-BE3E-5A9AC17778F0}.Debug|Win32.ActiveCfg = Debug|Win32
		{A13E1BE0-5D6E-499D-BE3E-5A9AC17778F0}.Debug|Win32.Build.0 = Debug|Win32
		{A13E1BE0-5D6E-499D-BE3E-5A9AC17778F0}.Debug|Win32.Deploy.0 = Debug|Win32
		{A13E1BE0-5D6E-499D-BE3E-5A9AC17778F0}.Debug|x64.ActiveCfg = Debug|x64
		{A13E1BE0-5D6E-499D-BE3E-5A9AC17778F0}.Debug|x64.Build.0 = Debug|x64
		{A13E1BE0-5D6E-499D-BE3E-5A9AC17778F0}.Debug|x64.Deploy.0 = Debug|x64
		{A13E1BE0-5D6E-499D-BE3E-5A9AC17778F0}.Debug-Release|Any CPU.ActiveCfg = Release|Win32
		{A13E1BE0-5D6E-499D-BE3E-5A9AC17778F0}.Debug-Release|Win32.ActiveCfg = Release|Win32
		{A13E1BE0-5D6E-499D-BE3E-5A9AC17778F0}.Debug-Release|Win32.Build.0 = Release|Win32
		{A13E1BE0-5D6E-499D-BE3E-5A9AC17778F0}.Debug-Release|Win32.Deploy.0 = Release|Win32
		{A13E1BE0-5D6E-499D-BE3E-5A9AC17778F0}.Debug-Release|x64.ActiveCfg = Release|x64
		{A13E1BE0-5D6E-499D-BE3E-5A9AC17778F0}.Debug-Release|x64.Build.0 = Release|x64
		{A13E1BE0-5D6E-499D-BE3E-5A9AC17778F0}.Debug-Release|x64.Deploy.0 = Release|x64
		{A13E1BE0-5D6E-499D-BE3E-5A9AC17778F0}.Release|Any CPU.ActiveCfg = Release|Win32
		{A13E1BE0-5D6E-499D-BE3E-5A9AC17778F0}.Release|Win32.ActiveCfg = Release|Win32
		{A13E1BE0-5D6E-499D-BE3E-5A9AC17778F0}.Release|Win32.Build.0 = Release|Win32
		{A13E1BE0-5D6E-499D-BE3E-5A9AC17778F0}.Release|Win32.Deploy.0 = Release|Win32
		{A13E1BE0-5D6E-499D-BE3E-5A9AC17778F0}.Release|x64.ActiveCfg = Release|x64
		{A13E1BE0-5D6E-499D-BE3E-5A9AC17778F0}.Release|x64.Build.0 = Release|x64
		{A13E1BE0-5D6E-499D-BE3E-5A9AC17778F0}.Release|x64.Deploy.0 = Release|x64
		{1EA0774C-5AF3-4B3A-BE12-02A655AC58C9}.Debug|Any CPU.ActiveCfg = Debug|Win32
		{1EA0774C-5AF3-4B3A-BE12-02A655AC58C9}.Debug|Win32.ActiveCfg = Debug|Win32
		{1EA0774C-5AF3-4B3A-BE12-02A655AC58C9}.Debug|Win32.Build.0 = Debug|Win32
		{1EA0774C-5AF3-4B3A-BE12-02A655AC58C9}.Debug|Win32.Deploy.0 = Debug|Win32
		{1EA0774C-5AF3-4B3A-BE12-02A655AC58C9}.Debug|x64.ActiveCfg = Debug|x64
		{1EA0774C-5AF3-4B3A-BE12-02A655AC58C9}.Debug|x64.Build.0 = Debug|x64
		{1EA0774C-5AF3-4B3A-BE12-02A655AC58C9}.Debug|x64.Deploy.0 = Debug|x64
		{1EA0774C-5AF3-4B3A-BE12-02A655AC58C9}.Debug-Release|Any CPU.ActiveCfg = Release|Win32
		{1EA0774C-5AF3-4B3A-BE12-02A655AC58C9}.Debug-Release|Win32.ActiveCfg = Release|Win32
		{1EA0774C-5AF3-4B3A-BE12-02A655AC58C9}.Debug-Release|Win32.Build.0 = Release|Win32
		{1EA0774C-5AF3-4B3A-BE12-02A655AC58C9}.Debug-Release|Win32.Deploy.0 = Release|Win32
		{1EA0774C-5AF3-4B3A-BE12-02A655AC58C9}.Debug-Release|x64.ActiveCfg = Release|x64
		{1EA0774C-5AF3-4B3A-BE12-02A655AC58C9}.Debug-Release|x64.Build.0 = Release|x64
		{1EA0774C-5AF3-4B3A-BE12-02A655AC58C9}.Debug-Release|x64.Deploy.0 = Release|x64
		{1EA0774C-5AF3-4B3A-BE12-02A655AC58C9}.Release|Any CPU.ActiveCfg = Release|Win32
		{1EA0774C-5AF3-4B3A-BE12-02A655AC58C9}.Release|Win32.ActiveCfg = Release|Win32
		{1EA0774C-5AF3-4B3A-BE12-02A655AC58C9}.Release|Win32.Build.0 = Release|Win32
		{1EA0774C-5AF3-4B3A-BE12-02A655AC58C9}.Release|Win32.Deploy.0 = Release|Win32
		{1EA0774C-5AF3-4B3A-BE12-02A655AC58C9}.Release|x64.ActiveCfg = Release|x64
		{1EA0774C-5AF3-4B3A-BE12-02A655AC58C9}.Release|x64.Build.0 = Release|x64
		{1EA0774C-5AF3-4B3A-BE12-02A655AC58C9}.Release|x64.Deploy.0 = Release|x64
		{EB450513-1B40-4E1F-9D8B-25266DC31EFB}.Debug|Any CPU.ActiveCfg = Debug|Win32
		{EB450513-1B40-4E1F-9D8B-25266DC31EFB}.Debug|Win32.ActiveCfg = Debug|Win32
		{EB450513-1B40-4E1F-9D8B-25266DC31EFB}.Debug|Win32.Build.0 = Debug|Win32
		{EB450513-1B40-4E1F-9D8B-25266DC31EFB}.Debug|Win32.Deploy.0 = Debug|Win32
		{EB450513-1B40-4E1F-9D8B-25266DC31EFB}.Debug|x64.ActiveCfg = Debug|x64
		{EB450513-1B40-4E1F-9D8B-25266DC31EFB}.Debug|x64.Build.0 = Debug|x64
		{EB450513-1B40-4E1F-9D8B-25266DC31EFB}.Debug|x64.Deploy.0 = Debug|x64
		{EB450513-1B40-4E1F-9D8B-25266DC31EFB}.Debug-Release|Any CPU.ActiveCfg = Release|Win32
		{EB450513-1B40-4E1F-9D8B-25266DC31EFB}.Debug-Release|Win32.ActiveCfg = Release|Win32
		{EB450513-1B40-4E1F-9D8B-25266DC31EFB}.Debug-Release|Win32.Build.0 = Release|Win32
		{EB450513-1B40-4E1F-9D8B-25266DC31EFB}.Debug-Release|Win32.Deploy.0 = Release|Win32
		{EB450513-1B40-4E1F-9D8B-25266DC31EFB}.Debug-Release|x64.ActiveCfg = Release|x64
		{EB450513-1B40-4E1F-9D8B-25266DC31EFB}.Debug-Release|x64.Build.0 = Release|x64
		{EB450513-1B40-4E1F-9D8B-25266DC31EFB}.Debug-Release|x64.Deploy.0 = Release|x64
		{EB450513-1B40-4E1F-9D8B-25266DC31EFB}.Release|Any CPU.ActiveCfg = Release|Win32
		{EB450513-1B40-4E1F-9D8B-25266DC31EFB}.Release|Win32.ActiveCfg = Release|Win32
		{EB450513-1B40-4E1F-9D8B-25266DC31EFB}.Release|Win32.Build.0 = Release|Win32
		{EB450513-1B40-4E1F-9D8B-25266DC31EFB}.Release|Win32.Deploy.0 = Release|Win32
		{EB450513-1B40-4E1F-9D8B-25266DC31EFB}.Release|x64.ActiveCfg = Release|x64
		{EB450513-1B40-4E1F-9D8B-25266DC31EFB}.Release|x64.Build.0 = Release|x64
		{EB450513-1B40-4E1F-9D8B-25266DC31EFB}.Release|x64.Deploy.0 = Release|x64
		{75C0A8DA-8B02-43B1-9A33-81831CEF43A3}.Debug|Any CPU.ActiveCfg = Debug|Win32
		{75C0A8DA-8B02-43B1-9A33-81831CEF43A3}.Debug|Win32.ActiveCfg = Debug|Win32
		{75C0A8DA-8B02-43B1-9A33-81831CEF43A3}.Debug|Win32.Build.0 = Debug|Win32
		{75C0A8DA-8B02-43B1-9A33-81831CEF43A3}.Debug|Win32.Deploy.0 = Debug|Win32
		{75C0A8DA-8B02-43B1-9A33-81831CEF43A3}.Debug|x64.ActiveCfg = Debug|x64
		{75C0A8DA-8B02-43B1-9A33-81831CEF43A3}.Debug|x64.Build.0 = Debug|x64
		{75C0A8DA-8B02-43B1-9A33-81831CEF43A3}.Debug|x64.Deploy.0 = Debug|x64
		{75C0A8DA-8B02-43B1-9A33-81831CEF43A3}.Debug-Release|Any CPU.ActiveCfg = Debug-Release|Win32
		{75C0A8DA-8B02-43B1-9A33-81831CEF43A3}.Debug-Release|Win32.ActiveCfg = Debug-Release|Win32
		{75C0A8DA-8B02-43B1-9A33-81831CEF43A3}.Debug-Release|Win32.Build.0 = Debug-Release|Win32
		{75C0A8DA-8B02-43B1-9A33-81831CEF43A3}.Debug-Release|Win32.Deploy.0 = Debug-Release|Win32
		{75C0A8DA-8B02-43B1-9A33-81831CEF43A3}.Debug-Release|x64.ActiveCfg = Debug-Release|x64
		{75C0A8DA-8B02-43B1-9A33-81831CEF43A3}.Debug-Release|x64.Build.0 = Debug-Release|x64
		{75C0A8DA-8B02-43B1-9A33-81831CEF43A3}.Debug-Release|x64.Deploy.0 = Debug-Release|x64
		{75C0A8DA-8B02-43B1-9A33-81831CEF43A3}.Release|Any CPU.ActiveCfg = Release|Win32
		{75C0A8DA-8B02-43B1-9A33-81831CEF43A3}.Release|Win32.ActiveCfg = Release|Win32
		{75C0A8DA-8B02-43B1-9A33-81831CEF43A3}.Release|Win32.Build.0 = Release|Win32
		{75C0A8DA-8B02-43B1-9A33-81831CEF43A3}.Release|Win32.Deploy.0 = Release|Win32
		{75C0A8DA-8B02-43B1-9A33-81831CEF43A3}.Release|x64.ActiveCfg = Release|x64
		{75C0A8DA-8B02-43B1-9A33-81831CEF43A3}.Release|x64.Build.0 = Release|x64
		{75C0A8DA-8B02-43B1-9A33-81831CEF43A3}.Release|x64.Deploy.0 = Release|x64
		{A89EE22F-D131-4E98-A2AC-6483AEF8E3C0}.Debug|Any CPU.ActiveCfg = Debug|Win32
		{A89EE22F-D131-4E98-A2AC-6483AEF8E3C0}.Debug|Win32.ActiveCfg = Debug|Win32
		{A89EE22F-D131-4E98-A2AC-6483AEF8E3C0}.Debug|Win32.Build.0 = Debug|Win32
		{A89EE22F-D131-4E98-A2AC-6483AEF8E3C0}.Debug|Win32.Deploy.0 = Debug|Win32
		{A89EE22F-D131-4E98-A2AC-6483AEF8E3C0}.Debug|x64.ActiveCfg = Debug|x64
		{A89EE22F-D131-4E98-A2AC-6483AEF8E3C0}.Debug|x64.Build.0 = Debug|x64
		{A89EE22F-D131-4E98-A2AC-6483AEF8E3C0}.Debug|x64.Deploy.0 = Debug|x64
		{A89EE22F-D131-4E98-A2AC-6483AEF8E3C0}.Debug-Release|Any CPU.ActiveCfg = Release|Win32
		{A89EE22F-D131-4E98-A2AC-6483AEF8E3C0}.Debug-Release|Win32.ActiveCfg = Release|Win32
		{A89EE22F-D131-4E98-A2AC-6483AEF8E3C0}.Debug-Release|Win32.Build.0 = Release|Win32
		{A89EE22F-D131-4E98-A2AC-6483AEF8E3C0}.Debug-Release|Win32.Deploy.0 = Release|Win32
		{A89EE22F-D131-4E98-A2AC-6483AEF8E3C0}.Debug-Release|x64.ActiveCfg = Release|x64
		{A89EE22F-D131-4E98-A2AC-6483AEF8E3C0}.Debug-Release|x64.Build.0 = Release|x64
		{A89EE22F-D131-4E98-A2AC-6483AEF8E3C0}.Debug-Release|x64.Deploy.0 = Release|x64
		{A89EE22F-D131-4E98-A2AC-6483AEF8E3C0}.Release|Any CPU.ActiveCfg = Release|Win32
		{A89EE22F-D131-4E98-A2AC-6483AEF8E3C0}.Release|Win32.ActiveCfg = Release|Win32
		{A89EE22F-D131-4E98-A2AC-6483AEF8E3C0}.Release|Win32.Build.0 = Release|Win32
		{A89EE22F-D131-4E98-A2AC-6483AEF8E3C0}.Release|Win32.Deploy.0 = Release|Win32
		{A89EE22F-D131-4E98-A2AC-6483AEF8E3C0}.Release|x64.ActiveCfg = Release|x64
		{A89EE22F-D131-4E98-A2AC-6483AEF8E3C0}.Release|x64.Build.0 = Release|x64
		{A89EE22F-D131-4E98-A2AC-6483AEF8E3C0}.Release|x64.Deploy.0 = Release|x64
	EndGlobalSection
	GlobalSection(SolutionProperties) = preSolution
		HideSolutionNode = FALSE
	EndGlobalSection
	GlobalSection(NestedProjects) = preSolution
		{502DD1B0-F2F6-4380-8685-66A3836AFE67} = {855CC29C-2417-4FEC-BF0B-D18677F9E5B9}
		{B5D83396-B7A2-4EFB-B407-916FB3FC15C5} = {855CC29C-2417-4FEC-BF0B-D18677F9E5B9}
		{5DFF3BE6-6A30-4AB6-AA54-2FDF69694EA3} = {855CC29C-2417-4FEC-BF0B-D18677F9E5B9}
		{E143BABC-CD22-4C3D-9F9E-F5F7442371E7} = {855CC29C-2417-4FEC-BF0B-D18677F9E5B9}
		{819AF165-55C7-45FD-AB2F-87C5784A6F58} = {855CC29C-2417-4FEC-BF0B-D18677F9E5B9}
		{C8C7074D-ABB7-44B0-8D4B-B18CD38B94FF} = {855CC29C-2417-4FEC-BF0B-D18677F9E5B9}
		{A13E1BE0-5D6E-499D-BE3E-5A9AC17778F0} = {855CC29C-2417-4FEC-BF0B-D18677F9E5B9}
		{A89EE22F-D131-4E98-A2AC-6483AEF8E3C0} = {855CC29C-2417-4FEC-BF0B-D18677F9E5B9}
		{855CC29C-2417-4FEC-BF0B-D18677F9E5B9} = {2793BC81-AC49-4731-A531-76A8C41373F8}
		{B2344015-A973-461A-89B3-E4D2AC3FEA3A} = {2793BC81-AC49-4731-A531-76A8C41373F8}
		{EB450513-1B40-4E1F-9D8B-25266DC31EFB} = {B2344015-A973-461A-89B3-E4D2AC3FEA3A}
	EndGlobalSection
EndGlobal
