
Microsoft Visual Studio Solution File, Format Version 11.00
# Visual Studio 2010
Project("{FAE04EC0-301F-11D3-BF4B-00C04F79EFBC}") = "DicomRIAService.Web", "DicomRIAService.Web\DicomRIAService.Web.csproj", "{B2D1CC27-6E6E-4171-BA14-0D2BB381C2EF}"
EndProject
Project("{FAE04EC0-301F-11D3-BF4B-00C04F79EFBC}") = "DicomRIAService", "DicomRIAService\DicomRIAService.csproj", "{B60CC93B-39A0-44C3-9B06-6B5D5FF69B78}"
EndProject
Global
	GlobalSection(SolutionConfigurationPlatforms) = preSolution
		Debug|Any CPU = Debug|Any CPU
		Release|Any CPU = Release|Any CPU
	EndGlobalSection
	GlobalSection(ProjectConfigurationPlatforms) = postSolution
		{B2D1CC27-6E6E-4171-BA14-0D2BB381C2EF}.Debug|Any CPU.ActiveCfg = Debug|Any CPU
		{B2D1CC27-6E6E-4171-BA14-0D2BB381C2EF}.Debug|Any CPU.Build.0 = Debug|Any CPU
		{B2D1CC27-6E6E-4171-BA14-0D2BB381C2EF}.Release|Any CPU.ActiveCfg = Release|Any CPU
		{B2D1CC27-6E6E-4171-BA14-0D2BB381C2EF}.Release|Any CPU.Build.0 = Release|Any CPU
		{B60CC93B-39A0-44C3-9B06-6B5D5FF69B78}.Debug|Any CPU.ActiveCfg = Debug|Any CPU
		{B60CC93B-39A0-44C3-9B06-6B5D5FF69B78}.Debug|Any CPU.Build.0 = Debug|Any CPU
		{B60CC93B-39A0-44C3-9B06-6B5D5FF69B78}.Release|Any CPU.ActiveCfg = Release|Any CPU
		{B60CC93B-39A0-44C3-9B06-6B5D5FF69B78}.Release|Any CPU.Build.0 = Release|Any CPU
	EndGlobalSection
	GlobalSection(SolutionProperties) = preSolution
		HideSolutionNode = FALSE
	EndGlobalSection
EndGlobal
