<?xml version="1.0" encoding="utf-8"?>
<Project ToolsVersion="4.0" xmlns="http://schemas.microsoft.com/developer/msbuild/2003">
  <ItemGroup>
    <Filter Include="dll">
      <UniqueIdentifier>{b48f5bda-1b17-4f23-9dbc-54a41c5d64a4}</UniqueIdentifier>
    </Filter>
    <Filter Include="SCU">
      <UniqueIdentifier>{8ee28f65-8cf3-4788-ad3a-4ea358c0f1c4}</UniqueIdentifier>
    </Filter>
    <Filter Include="Events">
      <UniqueIdentifier>{418989a1-6571-4934-982e-90f73eba3071}</UniqueIdentifier>
    </Filter>
    <Filter Include="Element">
      <UniqueIdentifier>{63012021-845e-436b-b8c0-15c8a90d8da2}</UniqueIdentifier>
    </Filter>
    <Filter Include="misc">
      <UniqueIdentifier>{d47d9632-24e5-4e3a-a039-e8183f341f8b}</UniqueIdentifier>
    </Filter>
    <Filter Include="image">
      <UniqueIdentifier>{c8d66be9-3a5f-466c-abc5-92689bc15185}</UniqueIdentifier>
    </Filter>
    <Filter Include="SCP">
      <UniqueIdentifier>{4b8a5d98-630b-406c-8c04-cafce1c21917}</UniqueIdentifier>
    </Filter>
    <Filter Include="host">
      <UniqueIdentifier>{9000a2ec-c19c-46e1-9fb0-b8ed4e915cbe}</UniqueIdentifier>
    </Filter>
  </ItemGroup>
  <ItemGroup>
    <None Include="ReadMe.txt" />
    <None Include="BuildNumber.ver">
      <Filter>dll</Filter>
    </None>
  </ItemGroup>
  <ItemGroup>
    <ClCompile Include="AssemblyInfo.cpp">
      <Filter>dll</Filter>
    </ClCompile>
    <ClCompile Include="ImportedLibraries.cpp">
      <Filter>dll</Filter>
    </ClCompile>
    <ClCompile Include="Stdafx.cpp">
      <Filter>dll</Filter>
    </ClCompile>
    <ClCompile Include="Utility.cpp" />
    <ClCompile Include="CFind.cpp">
      <Filter>SCU</Filter>
    </ClCompile>
    <ClCompile Include="CMove.cpp">
      <Filter>SCU</Filter>
    </ClCompile>
    <ClCompile Include="CStore.cpp">
      <Filter>SCU</Filter>
    </ClCompile>
    <ClCompile Include="Client.cpp">
      <Filter>SCU</Filter>
    </ClCompile>
    <ClCompile Include="Buffer.cpp" />
    <ClCompile Include="CGet.cpp">
      <Filter>SCU</Filter>
    </ClCompile>
    <ClCompile Include="ClientEventArgs.cpp">
      <Filter>Events</Filter>
    </ClCompile>
    <ClCompile Include="ServerEventArgs.cpp">
      <Filter>Events</Filter>
    </ClCompile>
    <ClCompile Include="CFindParameters.cpp">
      <Filter>SCU</Filter>
    </ClCompile>
    <ClCompile Include="BufferTypeConverter.cpp" />
    <ClCompile Include="QueryParameters.cpp">
      <Filter>Events</Filter>
    </ClCompile>
    <ClCompile Include="Tag.cpp" />
    <ClCompile Include="Element.cpp">
      <Filter>Element</Filter>
    </ClCompile>
    <ClCompile Include="Sequence.cpp">
      <Filter>Element</Filter>
    </ClCompile>
    <ClCompile Include="Cosines.cpp" />
    <ClCompile Include="CMoveParameters.cpp">
      <Filter>SCU</Filter>
    </ClCompile>
    <ClCompile Include="CommandLineParameters.cpp">
      <Filter>misc</Filter>
    </ClCompile>
    <ClCompile Include="Group.cpp" />
    <ClCompile Include="ElementCollection.cpp">
      <Filter>Element</Filter>
    </ClCompile>
    <ClCompile Include="ElementCollectionEnumerator.cpp">
      <Filter>Element</Filter>
    </ClCompile>
    <ClCompile Include="SequenceEnumerator.cpp">
      <Filter>Element</Filter>
    </ClCompile>
    <ClCompile Include="ImageCollection.cpp">
      <Filter>image</Filter>
    </ClCompile>
    <ClCompile Include="Image.cpp">
      <Filter>image</Filter>
    </ClCompile>
    <ClCompile Include="ImageCollectionEnumerator.cpp">
      <Filter>image</Filter>
    </ClCompile>
    <ClCompile Include="ImageBase.cpp">
      <Filter>image</Filter>
    </ClCompile>
    <ClCompile Include="Frame.cpp">
      <Filter>image</Filter>
    </ClCompile>
    <ClCompile Include="ImageFactory.cpp">
      <Filter>image</Filter>
    </ClCompile>
    <ClCompile Include="Server.cpp">
      <Filter>SCP</Filter>
    </ClCompile>
    <ClCompile Include="Host.cpp">
      <Filter>host</Filter>
    </ClCompile>
    <ClCompile Include="HostTable.cpp">
      <Filter>host</Filter>
    </ClCompile>
  </ItemGroup>
  <ItemGroup>
    <ClInclude Include="Stdafx.h">
      <Filter>dll</Filter>
    </ClInclude>
    <ClInclude Include="Enums.h" />
    <ClInclude Include="Utility.h" />
    <ClInclude Include="CStore.h">
      <Filter>SCU</Filter>
    </ClInclude>
    <ClInclude Include="CFind.h">
      <Filter>SCU</Filter>
    </ClInclude>
    <ClInclude Include="CMove.h">
      <Filter>SCU</Filter>
    </ClInclude>
    <ClInclude Include="Client.h">
      <Filter>SCU</Filter>
    </ClInclude>
    <ClInclude Include="Buffer.h" />
    <ClInclude Include="CGet.h">
      <Filter>SCU</Filter>
    </ClInclude>
    <ClInclude Include="ClientEventArgs.h">
      <Filter>Events</Filter>
    </ClInclude>
    <ClInclude Include="ServerEventArgs.h">
      <Filter>Events</Filter>
    </ClInclude>
    <ClInclude Include="BaseEventArgs.h">
      <Filter>Events</Filter>
    </ClInclude>
    <ClInclude Include="CFindParameters.h">
      <Filter>SCU</Filter>
    </ClInclude>
    <ClInclude Include="BufferTypeConverter.h" />
    <ClInclude Include="scoped_ptr.h" />
    <ClInclude Include="QueryParameters.h">
      <Filter>Events</Filter>
    </ClInclude>
    <ClInclude Include="resource.h" />
    <ClInclude Include="Tag.h" />
    <ClInclude Include="Element.h">
      <Filter>Element</Filter>
    </ClInclude>
    <ClInclude Include="Sequence.h">
      <Filter>Element</Filter>
    </ClInclude>
    <ClInclude Include="IElement.h">
      <Filter>Element</Filter>
    </ClInclude>
    <ClInclude Include="Cosines.h" />
    <ClInclude Include="CMoveParameters.h">
      <Filter>SCU</Filter>
    </ClInclude>
    <ClInclude Include="CommandLineParameters.h">
      <Filter>misc</Filter>
    </ClInclude>
    <ClInclude Include="Group.h" />
    <ClInclude Include="ElementCollection.h">
      <Filter>Element</Filter>
    </ClInclude>
    <ClInclude Include="ElementCollectionEnumerator.h">
      <Filter>Element</Filter>
    </ClInclude>
    <ClInclude Include="IElementCollection.h">
      <Filter>Element</Filter>
    </ClInclude>
    <ClInclude Include="SequenceEnumerator.h">
      <Filter>Element</Filter>
    </ClInclude>
    <ClInclude Include="ImageCollection.h">
      <Filter>image</Filter>
    </ClInclude>
    <ClInclude Include="Image.h">
      <Filter>image</Filter>
    </ClInclude>
    <ClInclude Include="ImageCollectionEnumerator.h">
      <Filter>image</Filter>
    </ClInclude>
    <ClInclude Include="Frame.h">
      <Filter>image</Filter>
    </ClInclude>
    <ClInclude Include="ImageBase.h">
      <Filter>image</Filter>
    </ClInclude>
    <ClInclude Include="IImage.h">
      <Filter>image</Filter>
    </ClInclude>
    <ClInclude Include="ImageFactory.h">
      <Filter>image</Filter>
    </ClInclude>
    <ClInclude Include="Server.h">
      <Filter>SCP</Filter>
    </ClInclude>
    <ClInclude Include="Host.h">
      <Filter>host</Filter>
    </ClInclude>
    <ClInclude Include="HostTable.h">
      <Filter>host</Filter>
    </ClInclude>
  </ItemGroup>
  <ItemGroup>
    <ResourceCompile Include="v3ddcm.rc">
      <Filter>dll</Filter>
    </ResourceCompile>
  </ItemGroup>
</Project>